
Microsoft Visual Studio Solution File, Format Version 12.00
# Visual Studio Version 16
VisualStudioVersion = 16.0.28407.52
MinimumVisualStudioVersion = 10.0.40219.1
Project("{2150E333-8FDC-42A3-9474-1A3956D46DE8}") = "Executables", "Executables", "{61966323-4B2E-48A1-A794-B719F0845F8E}"
EndProject
Project("{2150E333-8FDC-42A3-9474-1A3956D46DE8}") = "Third Party Libraries", "Third Party Libraries", "{3EC3A2F3-1EF4-4072-8C30-620948809175}"
EndProject
Project("{2150E333-8FDC-42A3-9474-1A3956D46DE8}") = "Bus", "Bus", "{075AF74D-193F-4C8C-B8FD-104233645CA1}"
EndProject
Project("{2150E333-8FDC-42A3-9474-1A3956D46DE8}") = "Trash Libraries", "Trash Libraries", "{59AC411A-1EBB-4574-93A4-7C249BC91138}"
EndProject
Project("{2150E333-8FDC-42A3-9474-1A3956D46DE8}") = "Extensions", "Extensions", "{8D5CB239-11F1-4BB6-B66B-E54C0D07992A}"
EndProject
Project("{2150E333-8FDC-42A3-9474-1A3956D46DE8}") = "Extensions", "Extensions", "{BFFE36AA-15D7-40A7-B327-044D71A47E87}"
EndProject
Project("{2150E333-8FDC-42A3-9474-1A3956D46DE8}") = "GreenCubes", "GreenCubes", "{81DD5104-1CF8-4E4B-9CAD-8467A8B19801}"
EndProject
Project("{9A19103F-16F7-4668-BE54-9A1E7A4F7556}") = "Aragas.QServer.Core", "Aragas.QServer.Core\Aragas.QServer.Core.csproj", "{F8878CA8-EA9F-481A-972B-20A397F28DE5}"
EndProject
Project("{2150E333-8FDC-42A3-9474-1A3956D46DE8}") = "MineLib Server", "MineLib Server", "{03646DF3-61E2-492A-BEC0-CCCD72EEBD6A}"
EndProject
Project("{2150E333-8FDC-42A3-9474-1A3956D46DE8}") = "PokeD Server", "PokeD Server", "{042E6D24-73B9-4AE2-81B5-421FCC3C5F8A}"
EndProject
Project("{2150E333-8FDC-42A3-9474-1A3956D46DE8}") = "Executables", "Executables", "{17C96338-36A9-40F4-B734-A9DAFAD2E5F6}"
EndProject
Project("{2150E333-8FDC-42A3-9474-1A3956D46DE8}") = "Bus", "Bus", "{6511782A-5728-4AAE-BDC9-F65DA163B2D7}"
EndProject
Project("{2150E333-8FDC-42A3-9474-1A3956D46DE8}") = "Libraries", "Libraries", "{73594E60-5392-437F-B98A-7995D343431B}"
EndProject
Project("{2150E333-8FDC-42A3-9474-1A3956D46DE8}") = "Protocol", "Protocol", "{AEA09901-59EF-45A9-88C2-6CD9D5FE4907}"
EndProject
Project("{2150E333-8FDC-42A3-9474-1A3956D46DE8}") = "Libraries", "Libraries", "{1CB70229-C752-439E-A34E-1B5996F4C348}"
EndProject
Project("{9A19103F-16F7-4668-BE54-9A1E7A4F7556}") = "MineLib.Server.ForgeBus", "MineLib\Executables\Bus\MineLib.Server.ForgeBus\MineLib.Server.ForgeBus.csproj", "{C910610A-2914-41EA-A14C-2ED07B61D737}"
EndProject
Project("{9A19103F-16F7-4668-BE54-9A1E7A4F7556}") = "MineLib.Server.EntityBus", "MineLib\Executables\Bus\MineLib.Server.EntityBus\MineLib.Server.EntityBus.csproj", "{D90EDF15-9B93-48E5-8877-7F41663ECF49}"
EndProject
Project("{9A19103F-16F7-4668-BE54-9A1E7A4F7556}") = "MineLib.Server.PlayerBus", "MineLib\Executables\Bus\MineLib.Server.PlayerBus\MineLib.Server.PlayerBus.csproj", "{AC516C0F-6CD5-48E5-8905-E32B29E86C44}"
EndProject
Project("{9A19103F-16F7-4668-BE54-9A1E7A4F7556}") = "MineLib.Server.WorldBus", "MineLib\Executables\Bus\MineLib.Server.WorldBus\MineLib.Server.WorldBus.csproj", "{AB913A85-B64D-4C35-9508-CE81C9A6573D}"
EndProject
Project("{9A19103F-16F7-4668-BE54-9A1E7A4F7556}") = "MineLib.Server.Proxy", "MineLib\Executables\MineLib.Server.Proxy\MineLib.Server.Proxy.csproj", "{D3FDD1D5-F262-4498-B0FE-BD865D2D7C1F}"
EndProject
Project("{9A19103F-16F7-4668-BE54-9A1E7A4F7556}") = "MineLib.Core", "MineLib\Libraries\MineLib.Core\MineLib.Core.csproj", "{E545BA16-8654-4179-A610-38896B1FDEA0}"
EndProject
Project("{9A19103F-16F7-4668-BE54-9A1E7A4F7556}") = "MineLib.Server.Core", "MineLib\Libraries\MineLib.Server.Core\MineLib.Server.Core.csproj", "{ED496BFB-D034-4DED-9F7B-075BCBE3B6C1}"
EndProject
Project("{9A19103F-16F7-4668-BE54-9A1E7A4F7556}") = "MineLib.Protocol", "MineLib\Libraries\Protocol\MineLib.Protocol\MineLib.Protocol.csproj", "{67C37CFF-F741-4FB5-A613-EEE4DF201B3D}"
EndProject
Project("{9A19103F-16F7-4668-BE54-9A1E7A4F7556}") = "MineLib.Protocol.Netty5", "MineLib\Libraries\Protocol\MineLib.Protocol5\MineLib.Protocol.Netty5.csproj", "{B58D2740-E059-4323-8557-AEED00125CAD}"
EndProject
Project("{9A19103F-16F7-4668-BE54-9A1E7A4F7556}") = "MineLib.Protocol.Forge", "MineLib\Libraries\Protocol\MineLib.Protocol.Forge\MineLib.Protocol.Forge.csproj", "{AFF0DBE4-B9CC-4B87-9FF7-C1AD787F59A7}"
EndProject
Project("{9A19103F-16F7-4668-BE54-9A1E7A4F7556}") = "PokeD.Server.Core", "PokeD\Libraries\PokeD.Server.Core\PokeD.Server.Core.csproj", "{6CF62506-7CF0-44AE-905F-F99DCACD2E20}"
EndProject
Project("{9A19103F-16F7-4668-BE54-9A1E7A4F7556}") = "PokeD.Server.Proxy", "PokeD\Executables\PokeD.Server.Proxy\PokeD.Server.Proxy.csproj", "{3BA8F206-1711-4C77-8818-99859C2818D9}"
EndProject
Project("{9A19103F-16F7-4668-BE54-9A1E7A4F7556}") = "Aragas.TupleEventSystem", "Third Party\Aragas.TupleEventSystem\src\Aragas.TupleEventSystem\Aragas.TupleEventSystem.csproj", "{2C7DEE35-6FD9-4FAC-8BE2-B12D44CF60BE}"
EndProject
Project("{9A19103F-16F7-4668-BE54-9A1E7A4F7556}") = "Aragas.Network-2", "Third Party\Aragas.Network-2\src\Aragas.Network-2.Standard\Aragas.Network-2.csproj", "{2A920B74-8959-4903-808F-7FD1557D7D36}"
EndProject
Project("{E53339B2-1760-4266-BCC7-CA923CBCF16C}") = "MineLib.Server", "MineLib\Docker-Compose\MineLib.Server.dcproj", "{2CE8B254-1FE3-4691-8941-0A49644EB98A}"
EndProject
Project("{E53339B2-1760-4266-BCC7-CA923CBCF16C}") = "PokeD.Server", "PokeD\Docker-Compose\PokeD.Server.dcproj", "{5042C6C0-C4C8-49CF-A2F2-D368A42E9D5F}"
EndProject
Project("{9A19103F-16F7-4668-BE54-9A1E7A4F7556}") = "MineLib.GreenCubes.Converter", "MineLib\Libraries\Greencubes\MineLib.GreenCubes.Converter\MineLib.GreenCubes.Converter.csproj", "{AAE74E57-3DED-4C42-8D73-FD0C6B05752E}"
EndProject
Project("{FAE04EC0-301F-11D3-BF4B-00C04F79EFBC}") = "MineLib.Protocol_1.7.10", "Trash\ProtocolModern_1.7.10\MineLib.Protocol_1.7.10.csproj", "{CEBA6FFC-494A-43A2-8847-8EFA99D88605}"
EndProject
Project("{9A19103F-16F7-4668-BE54-9A1E7A4F7556}") = "Aragas.QServer.GUI", "Aragas.QServer.GUI\Aragas.QServer.GUI.csproj", "{50E372EE-90CE-44C9-995D-FB1385CCFA58}"
EndProject
Project("{9A19103F-16F7-4668-BE54-9A1E7A4F7556}") = "PokeD.Server.PlayerBus.P3D", "PokeD\Executables\Bus\PokeD.Server.PlayerBus.P3D\PokeD.Server.PlayerBus.P3D.csproj", "{51C06F75-D95D-4678-A6FB-11B420140FE0}"
EndProject
Project("{9A19103F-16F7-4668-BE54-9A1E7A4F7556}") = "PokeD.Server.WorldBus", "PokeD\Executables\Bus\PokeD.Server.WorldBus\PokeD.Server.WorldBus.csproj", "{473812F6-BD44-4EC5-864E-B2B1A7BE4AD2}"
EndProject
Project("{9A19103F-16F7-4668-BE54-9A1E7A4F7556}") = "PokeD.Core", "PokeD\Libraries\PokeD.Core\PokeD.Core\PokeD.Core.csproj", "{F27B36B7-05C1-4B27-B846-4B888EAD9622}"
EndProject
Project("{9A19103F-16F7-4668-BE54-9A1E7A4F7556}") = "PokeD.BattleEngine", "PokeD\Libraries\PokeD.BattleEngine\PokeD.BattleEngine.csproj", "{7E77C8A5-5222-4B2F-8F11-20886D483D07}"
EndProject
Project("{9A19103F-16F7-4668-BE54-9A1E7A4F7556}") = "Aragas.QServer.Prometheus.Exporter", "Aragas.QServer.Prometheus.Exporter\Aragas.QServer.Prometheus.Exporter.csproj", "{0F8ADF2A-1996-45E8-9BA0-68D78A7F4E9B}"
EndProject
Project("{9A19103F-16F7-4668-BE54-9A1E7A4F7556}") = "MineLib.Protocol.Netty575", "MineLib\Libraries\Protocol\MineLib.Protocol575\MineLib.Protocol.Netty575.csproj", "{E0D0C76D-0A0D-48CD-904A-60D98D052DF9}"
EndProject
Project("{9A19103F-16F7-4668-BE54-9A1E7A4F7556}") = "MineLib.Protocol.Netty", "MineLib\Libraries\Protocol\MineLib.Protocol.Netty\MineLib.Protocol.Netty.csproj", "{97AC6EBA-CF49-45B8-8B9E-8728D5732F1F}"
EndProject
Project("{9A19103F-16F7-4668-BE54-9A1E7A4F7556}") = "Aragas.QServer.Metrics", "Aragas.QServer.Metrics\Aragas.QServer.Metrics.csproj", "{8AECB779-5403-403D-B71B-DEB670B0CBC9}"
EndProject
Project("{2150E333-8FDC-42A3-9474-1A3956D46DE8}") = "BedrockProxy", "BedrockProxy", "{4A46323A-174B-4320-BF50-B0C810192D99}"
	ProjectSection(SolutionItems) = preProject
		MineLib\BedrockProxy\config.yml = MineLib\BedrockProxy\config.yml
		MineLib\BedrockProxy\Dockerfile = MineLib\BedrockProxy\Dockerfile
	EndProjectSection
EndProject
Project("{9A19103F-16F7-4668-BE54-9A1E7A4F7556}") = "Aragas.Network.Analyzer", "Third Party\Aragas.Network.Analyzer\Aragas.Network.Analyzer\Aragas.Network.Analyzer.csproj", "{0B582BE9-0908-41B9-83B6-B9F839385090}"
EndProject
Project("{9A19103F-16F7-4668-BE54-9A1E7A4F7556}") = "Aragas.Network.Analyzer.Test", "Third Party\Aragas.Network.Analyzer\Aragas.Network.Analyzer.Test\Aragas.Network.Analyzer.Test.csproj", "{42E1B388-12BF-4B45-AFA8-E4AB5D70D833}"
EndProject
Project("{FAE04EC0-301F-11D3-BF4B-00C04F79EFBC}") = "Aragas.Network.Analyzer.Vsix", "Third Party\Aragas.Network.Analyzer\Aragas.Network.Analyzer.Vsix\Aragas.Network.Analyzer.Vsix.csproj", "{B937AEE7-0504-48C6-9494-1080A97F849F}"
EndProject
Project("{2150E333-8FDC-42A3-9474-1A3956D46DE8}") = "Aragas.Network-2.Analyzer", "Aragas.Network-2.Analyzer", "{14184E58-7251-45CB-A8A2-063FA1166F46}"
EndProject
Project("{2150E333-8FDC-42A3-9474-1A3956D46DE8}") = "Shared", "Shared", "{C058E7CE-A790-4414-B6DD-F5ED92F4CDC4}"
	ProjectSection(SolutionItems) = preProject
		loggerconfig.json = loggerconfig.json
		TODO.txt = TODO.txt
	EndProjectSection
EndProject
Project("{9A19103F-16F7-4668-BE54-9A1E7A4F7556}") = "MineLib.Protocol.Classic", "MineLib\Libraries\Protocol\Minelib.Protocol.Classic\MineLib.Protocol.Classic.csproj", "{7B6F1F19-4966-4695-966B-8584246A3B9A}"
EndProject
Project("{9A19103F-16F7-4668-BE54-9A1E7A4F7556}") = "MineLib.Protocol.Generator.Html", "MineLib\Libraries\Protocol\MineLib.Protocol.Generator.Html\MineLib.Protocol.Generator.Html.csproj", "{4C299609-DACB-4BA7-8198-6F54B7398D72}"
EndProject
Project("{9A19103F-16F7-4668-BE54-9A1E7A4F7556}") = "MineLib.Protocol.Generator.ProtoDef", "MineLib\Libraries\Protocol\MineLib.Protocol.Generator.Json\MineLib.Protocol.Generator.ProtoDef.csproj", "{4C9DB2A5-1DE0-4A0E-ADC3-2C3E9F70FCBA}"
EndProject
Project("{9A19103F-16F7-4668-BE54-9A1E7A4F7556}") = "MineLib.Server.WebSite", "MineLib\Executables\MineLib.Server.WebSite\MineLib.Server.WebSite.csproj", "{225B0EFE-C1E1-4FBE-9689-90D6A346373A}"
EndProject
Project("{9A19103F-16F7-4668-BE54-9A1E7A4F7556}") = "Aragas.QServer.Metrics.PostgreSQL", "Aragas.QServer.Metrics.PostgreSQL\Aragas.QServer.Metrics.PostgreSQL.csproj", "{27CDA55C-644B-44F7-A058-838ECF2BCAF4}"
EndProject
Global
	GlobalSection(SolutionConfigurationPlatforms) = preSolution
		Debug|Any CPU = Debug|Any CPU
		Release|Any CPU = Release|Any CPU
	EndGlobalSection
	GlobalSection(ProjectConfigurationPlatforms) = postSolution
		{F8878CA8-EA9F-481A-972B-20A397F28DE5}.Debug|Any CPU.ActiveCfg = Debug|Any CPU
		{F8878CA8-EA9F-481A-972B-20A397F28DE5}.Debug|Any CPU.Build.0 = Debug|Any CPU
		{F8878CA8-EA9F-481A-972B-20A397F28DE5}.Release|Any CPU.ActiveCfg = Release|Any CPU
		{F8878CA8-EA9F-481A-972B-20A397F28DE5}.Release|Any CPU.Build.0 = Release|Any CPU
		{C910610A-2914-41EA-A14C-2ED07B61D737}.Debug|Any CPU.ActiveCfg = Debug|Any CPU
		{C910610A-2914-41EA-A14C-2ED07B61D737}.Debug|Any CPU.Build.0 = Debug|Any CPU
		{C910610A-2914-41EA-A14C-2ED07B61D737}.Release|Any CPU.ActiveCfg = Release|Any CPU
		{C910610A-2914-41EA-A14C-2ED07B61D737}.Release|Any CPU.Build.0 = Release|Any CPU
		{D90EDF15-9B93-48E5-8877-7F41663ECF49}.Debug|Any CPU.ActiveCfg = Debug|Any CPU
		{D90EDF15-9B93-48E5-8877-7F41663ECF49}.Debug|Any CPU.Build.0 = Debug|Any CPU
		{D90EDF15-9B93-48E5-8877-7F41663ECF49}.Release|Any CPU.ActiveCfg = Release|Any CPU
		{D90EDF15-9B93-48E5-8877-7F41663ECF49}.Release|Any CPU.Build.0 = Release|Any CPU
		{AC516C0F-6CD5-48E5-8905-E32B29E86C44}.Debug|Any CPU.ActiveCfg = Debug|Any CPU
		{AC516C0F-6CD5-48E5-8905-E32B29E86C44}.Debug|Any CPU.Build.0 = Debug|Any CPU
		{AC516C0F-6CD5-48E5-8905-E32B29E86C44}.Release|Any CPU.ActiveCfg = Release|Any CPU
		{AC516C0F-6CD5-48E5-8905-E32B29E86C44}.Release|Any CPU.Build.0 = Release|Any CPU
		{AB913A85-B64D-4C35-9508-CE81C9A6573D}.Debug|Any CPU.ActiveCfg = Debug|Any CPU
		{AB913A85-B64D-4C35-9508-CE81C9A6573D}.Debug|Any CPU.Build.0 = Debug|Any CPU
		{AB913A85-B64D-4C35-9508-CE81C9A6573D}.Release|Any CPU.ActiveCfg = Release|Any CPU
		{AB913A85-B64D-4C35-9508-CE81C9A6573D}.Release|Any CPU.Build.0 = Release|Any CPU
		{D3FDD1D5-F262-4498-B0FE-BD865D2D7C1F}.Debug|Any CPU.ActiveCfg = Debug|Any CPU
		{D3FDD1D5-F262-4498-B0FE-BD865D2D7C1F}.Debug|Any CPU.Build.0 = Debug|Any CPU
		{D3FDD1D5-F262-4498-B0FE-BD865D2D7C1F}.Release|Any CPU.ActiveCfg = Release|Any CPU
		{D3FDD1D5-F262-4498-B0FE-BD865D2D7C1F}.Release|Any CPU.Build.0 = Release|Any CPU
		{E545BA16-8654-4179-A610-38896B1FDEA0}.Debug|Any CPU.ActiveCfg = Debug|Any CPU
		{E545BA16-8654-4179-A610-38896B1FDEA0}.Debug|Any CPU.Build.0 = Debug|Any CPU
		{E545BA16-8654-4179-A610-38896B1FDEA0}.Release|Any CPU.ActiveCfg = Release|Any CPU
		{E545BA16-8654-4179-A610-38896B1FDEA0}.Release|Any CPU.Build.0 = Release|Any CPU
		{ED496BFB-D034-4DED-9F7B-075BCBE3B6C1}.Debug|Any CPU.ActiveCfg = Debug|Any CPU
		{ED496BFB-D034-4DED-9F7B-075BCBE3B6C1}.Debug|Any CPU.Build.0 = Debug|Any CPU
		{ED496BFB-D034-4DED-9F7B-075BCBE3B6C1}.Release|Any CPU.ActiveCfg = Release|Any CPU
		{ED496BFB-D034-4DED-9F7B-075BCBE3B6C1}.Release|Any CPU.Build.0 = Release|Any CPU
		{67C37CFF-F741-4FB5-A613-EEE4DF201B3D}.Debug|Any CPU.ActiveCfg = Debug|Any CPU
		{67C37CFF-F741-4FB5-A613-EEE4DF201B3D}.Debug|Any CPU.Build.0 = Debug|Any CPU
		{67C37CFF-F741-4FB5-A613-EEE4DF201B3D}.Release|Any CPU.ActiveCfg = Release|Any CPU
		{67C37CFF-F741-4FB5-A613-EEE4DF201B3D}.Release|Any CPU.Build.0 = Release|Any CPU
		{B58D2740-E059-4323-8557-AEED00125CAD}.Debug|Any CPU.ActiveCfg = Debug|Any CPU
		{B58D2740-E059-4323-8557-AEED00125CAD}.Debug|Any CPU.Build.0 = Debug|Any CPU
		{B58D2740-E059-4323-8557-AEED00125CAD}.Release|Any CPU.ActiveCfg = Release|Any CPU
		{B58D2740-E059-4323-8557-AEED00125CAD}.Release|Any CPU.Build.0 = Release|Any CPU
		{AFF0DBE4-B9CC-4B87-9FF7-C1AD787F59A7}.Debug|Any CPU.ActiveCfg = Debug|Any CPU
		{AFF0DBE4-B9CC-4B87-9FF7-C1AD787F59A7}.Debug|Any CPU.Build.0 = Debug|Any CPU
		{AFF0DBE4-B9CC-4B87-9FF7-C1AD787F59A7}.Release|Any CPU.ActiveCfg = Release|Any CPU
		{AFF0DBE4-B9CC-4B87-9FF7-C1AD787F59A7}.Release|Any CPU.Build.0 = Release|Any CPU
		{6CF62506-7CF0-44AE-905F-F99DCACD2E20}.Debug|Any CPU.ActiveCfg = Debug|Any CPU
		{6CF62506-7CF0-44AE-905F-F99DCACD2E20}.Debug|Any CPU.Build.0 = Debug|Any CPU
		{6CF62506-7CF0-44AE-905F-F99DCACD2E20}.Release|Any CPU.ActiveCfg = Release|Any CPU
		{6CF62506-7CF0-44AE-905F-F99DCACD2E20}.Release|Any CPU.Build.0 = Release|Any CPU
		{3BA8F206-1711-4C77-8818-99859C2818D9}.Debug|Any CPU.ActiveCfg = Debug|Any CPU
		{3BA8F206-1711-4C77-8818-99859C2818D9}.Debug|Any CPU.Build.0 = Debug|Any CPU
		{3BA8F206-1711-4C77-8818-99859C2818D9}.Release|Any CPU.ActiveCfg = Release|Any CPU
		{3BA8F206-1711-4C77-8818-99859C2818D9}.Release|Any CPU.Build.0 = Release|Any CPU
		{2C7DEE35-6FD9-4FAC-8BE2-B12D44CF60BE}.Debug|Any CPU.ActiveCfg = Debug|Any CPU
		{2C7DEE35-6FD9-4FAC-8BE2-B12D44CF60BE}.Debug|Any CPU.Build.0 = Debug|Any CPU
		{2C7DEE35-6FD9-4FAC-8BE2-B12D44CF60BE}.Release|Any CPU.ActiveCfg = Release|Any CPU
		{2C7DEE35-6FD9-4FAC-8BE2-B12D44CF60BE}.Release|Any CPU.Build.0 = Release|Any CPU
		{2A920B74-8959-4903-808F-7FD1557D7D36}.Debug|Any CPU.ActiveCfg = Debug|Any CPU
		{2A920B74-8959-4903-808F-7FD1557D7D36}.Debug|Any CPU.Build.0 = Debug|Any CPU
		{2A920B74-8959-4903-808F-7FD1557D7D36}.Release|Any CPU.ActiveCfg = Release|Any CPU
		{2A920B74-8959-4903-808F-7FD1557D7D36}.Release|Any CPU.Build.0 = Release|Any CPU
		{2CE8B254-1FE3-4691-8941-0A49644EB98A}.Debug|Any CPU.ActiveCfg = Debug|Any CPU
		{2CE8B254-1FE3-4691-8941-0A49644EB98A}.Debug|Any CPU.Build.0 = Debug|Any CPU
		{2CE8B254-1FE3-4691-8941-0A49644EB98A}.Release|Any CPU.ActiveCfg = Release|Any CPU
		{2CE8B254-1FE3-4691-8941-0A49644EB98A}.Release|Any CPU.Build.0 = Release|Any CPU
		{5042C6C0-C4C8-49CF-A2F2-D368A42E9D5F}.Debug|Any CPU.ActiveCfg = Debug|Any CPU
		{5042C6C0-C4C8-49CF-A2F2-D368A42E9D5F}.Debug|Any CPU.Build.0 = Debug|Any CPU
		{5042C6C0-C4C8-49CF-A2F2-D368A42E9D5F}.Release|Any CPU.ActiveCfg = Release|Any CPU
		{5042C6C0-C4C8-49CF-A2F2-D368A42E9D5F}.Release|Any CPU.Build.0 = Release|Any CPU
		{AAE74E57-3DED-4C42-8D73-FD0C6B05752E}.Debug|Any CPU.ActiveCfg = Debug|Any CPU
		{AAE74E57-3DED-4C42-8D73-FD0C6B05752E}.Debug|Any CPU.Build.0 = Debug|Any CPU
		{AAE74E57-3DED-4C42-8D73-FD0C6B05752E}.Release|Any CPU.ActiveCfg = Release|Any CPU
		{AAE74E57-3DED-4C42-8D73-FD0C6B05752E}.Release|Any CPU.Build.0 = Release|Any CPU
		{CEBA6FFC-494A-43A2-8847-8EFA99D88605}.Debug|Any CPU.ActiveCfg = Debug|Any CPU
		{CEBA6FFC-494A-43A2-8847-8EFA99D88605}.Debug|Any CPU.Build.0 = Debug|Any CPU
		{CEBA6FFC-494A-43A2-8847-8EFA99D88605}.Release|Any CPU.ActiveCfg = Release|Any CPU
		{CEBA6FFC-494A-43A2-8847-8EFA99D88605}.Release|Any CPU.Build.0 = Release|Any CPU
		{50E372EE-90CE-44C9-995D-FB1385CCFA58}.Debug|Any CPU.ActiveCfg = Debug|Any CPU
		{50E372EE-90CE-44C9-995D-FB1385CCFA58}.Debug|Any CPU.Build.0 = Debug|Any CPU
		{50E372EE-90CE-44C9-995D-FB1385CCFA58}.Release|Any CPU.ActiveCfg = Release|Any CPU
		{50E372EE-90CE-44C9-995D-FB1385CCFA58}.Release|Any CPU.Build.0 = Release|Any CPU
		{51C06F75-D95D-4678-A6FB-11B420140FE0}.Debug|Any CPU.ActiveCfg = Debug|Any CPU
		{51C06F75-D95D-4678-A6FB-11B420140FE0}.Debug|Any CPU.Build.0 = Debug|Any CPU
		{51C06F75-D95D-4678-A6FB-11B420140FE0}.Release|Any CPU.ActiveCfg = Release|Any CPU
		{51C06F75-D95D-4678-A6FB-11B420140FE0}.Release|Any CPU.Build.0 = Release|Any CPU
		{473812F6-BD44-4EC5-864E-B2B1A7BE4AD2}.Debug|Any CPU.ActiveCfg = Debug|Any CPU
		{473812F6-BD44-4EC5-864E-B2B1A7BE4AD2}.Debug|Any CPU.Build.0 = Debug|Any CPU
		{473812F6-BD44-4EC5-864E-B2B1A7BE4AD2}.Release|Any CPU.ActiveCfg = Release|Any CPU
		{473812F6-BD44-4EC5-864E-B2B1A7BE4AD2}.Release|Any CPU.Build.0 = Release|Any CPU
		{F27B36B7-05C1-4B27-B846-4B888EAD9622}.Debug|Any CPU.ActiveCfg = Debug|Any CPU
		{F27B36B7-05C1-4B27-B846-4B888EAD9622}.Debug|Any CPU.Build.0 = Debug|Any CPU
		{F27B36B7-05C1-4B27-B846-4B888EAD9622}.Release|Any CPU.ActiveCfg = Release|Any CPU
		{F27B36B7-05C1-4B27-B846-4B888EAD9622}.Release|Any CPU.Build.0 = Release|Any CPU
		{7E77C8A5-5222-4B2F-8F11-20886D483D07}.Debug|Any CPU.ActiveCfg = Debug|Any CPU
		{7E77C8A5-5222-4B2F-8F11-20886D483D07}.Debug|Any CPU.Build.0 = Debug|Any CPU
		{7E77C8A5-5222-4B2F-8F11-20886D483D07}.Release|Any CPU.ActiveCfg = Release|Any CPU
		{7E77C8A5-5222-4B2F-8F11-20886D483D07}.Release|Any CPU.Build.0 = Release|Any CPU
		{0F8ADF2A-1996-45E8-9BA0-68D78A7F4E9B}.Debug|Any CPU.ActiveCfg = Debug|Any CPU
		{0F8ADF2A-1996-45E8-9BA0-68D78A7F4E9B}.Debug|Any CPU.Build.0 = Debug|Any CPU
		{0F8ADF2A-1996-45E8-9BA0-68D78A7F4E9B}.Release|Any CPU.ActiveCfg = Release|Any CPU
		{0F8ADF2A-1996-45E8-9BA0-68D78A7F4E9B}.Release|Any CPU.Build.0 = Release|Any CPU
		{E0D0C76D-0A0D-48CD-904A-60D98D052DF9}.Debug|Any CPU.ActiveCfg = Debug|Any CPU
		{E0D0C76D-0A0D-48CD-904A-60D98D052DF9}.Debug|Any CPU.Build.0 = Debug|Any CPU
		{E0D0C76D-0A0D-48CD-904A-60D98D052DF9}.Release|Any CPU.ActiveCfg = Release|Any CPU
		{E0D0C76D-0A0D-48CD-904A-60D98D052DF9}.Release|Any CPU.Build.0 = Release|Any CPU
		{97AC6EBA-CF49-45B8-8B9E-8728D5732F1F}.Debug|Any CPU.ActiveCfg = Debug|Any CPU
		{97AC6EBA-CF49-45B8-8B9E-8728D5732F1F}.Debug|Any CPU.Build.0 = Debug|Any CPU
		{97AC6EBA-CF49-45B8-8B9E-8728D5732F1F}.Release|Any CPU.ActiveCfg = Release|Any CPU
		{97AC6EBA-CF49-45B8-8B9E-8728D5732F1F}.Release|Any CPU.Build.0 = Release|Any CPU
		{8AECB779-5403-403D-B71B-DEB670B0CBC9}.Debug|Any CPU.ActiveCfg = Debug|Any CPU
		{8AECB779-5403-403D-B71B-DEB670B0CBC9}.Debug|Any CPU.Build.0 = Debug|Any CPU
		{8AECB779-5403-403D-B71B-DEB670B0CBC9}.Release|Any CPU.ActiveCfg = Release|Any CPU
		{8AECB779-5403-403D-B71B-DEB670B0CBC9}.Release|Any CPU.Build.0 = Release|Any CPU
		{0B582BE9-0908-41B9-83B6-B9F839385090}.Debug|Any CPU.ActiveCfg = Debug|Any CPU
		{0B582BE9-0908-41B9-83B6-B9F839385090}.Debug|Any CPU.Build.0 = Debug|Any CPU
		{0B582BE9-0908-41B9-83B6-B9F839385090}.Release|Any CPU.ActiveCfg = Release|Any CPU
		{0B582BE9-0908-41B9-83B6-B9F839385090}.Release|Any CPU.Build.0 = Release|Any CPU
		{42E1B388-12BF-4B45-AFA8-E4AB5D70D833}.Debug|Any CPU.ActiveCfg = Debug|Any CPU
		{42E1B388-12BF-4B45-AFA8-E4AB5D70D833}.Debug|Any CPU.Build.0 = Debug|Any CPU
		{42E1B388-12BF-4B45-AFA8-E4AB5D70D833}.Release|Any CPU.ActiveCfg = Release|Any CPU
		{42E1B388-12BF-4B45-AFA8-E4AB5D70D833}.Release|Any CPU.Build.0 = Release|Any CPU
		{B937AEE7-0504-48C6-9494-1080A97F849F}.Debug|Any CPU.ActiveCfg = Debug|Any CPU
		{B937AEE7-0504-48C6-9494-1080A97F849F}.Debug|Any CPU.Build.0 = Debug|Any CPU
		{B937AEE7-0504-48C6-9494-1080A97F849F}.Release|Any CPU.ActiveCfg = Release|Any CPU
		{B937AEE7-0504-48C6-9494-1080A97F849F}.Release|Any CPU.Build.0 = Release|Any CPU
		{7B6F1F19-4966-4695-966B-8584246A3B9A}.Debug|Any CPU.ActiveCfg = Debug|Any CPU
		{7B6F1F19-4966-4695-966B-8584246A3B9A}.Debug|Any CPU.Build.0 = Debug|Any CPU
		{7B6F1F19-4966-4695-966B-8584246A3B9A}.Release|Any CPU.ActiveCfg = Release|Any CPU
		{7B6F1F19-4966-4695-966B-8584246A3B9A}.Release|Any CPU.Build.0 = Release|Any CPU
		{4C299609-DACB-4BA7-8198-6F54B7398D72}.Debug|Any CPU.ActiveCfg = Debug|Any CPU
		{4C299609-DACB-4BA7-8198-6F54B7398D72}.Debug|Any CPU.Build.0 = Debug|Any CPU
		{4C299609-DACB-4BA7-8198-6F54B7398D72}.Release|Any CPU.ActiveCfg = Release|Any CPU
		{4C299609-DACB-4BA7-8198-6F54B7398D72}.Release|Any CPU.Build.0 = Release|Any CPU
		{4C9DB2A5-1DE0-4A0E-ADC3-2C3E9F70FCBA}.Debug|Any CPU.ActiveCfg = Debug|Any CPU
		{4C9DB2A5-1DE0-4A0E-ADC3-2C3E9F70FCBA}.Debug|Any CPU.Build.0 = Debug|Any CPU
		{4C9DB2A5-1DE0-4A0E-ADC3-2C3E9F70FCBA}.Release|Any CPU.ActiveCfg = Release|Any CPU
		{4C9DB2A5-1DE0-4A0E-ADC3-2C3E9F70FCBA}.Release|Any CPU.Build.0 = Release|Any CPU
		{225B0EFE-C1E1-4FBE-9689-90D6A346373A}.Debug|Any CPU.ActiveCfg = Debug|Any CPU
		{225B0EFE-C1E1-4FBE-9689-90D6A346373A}.Debug|Any CPU.Build.0 = Debug|Any CPU
		{225B0EFE-C1E1-4FBE-9689-90D6A346373A}.Release|Any CPU.ActiveCfg = Release|Any CPU
		{225B0EFE-C1E1-4FBE-9689-90D6A346373A}.Release|Any CPU.Build.0 = Release|Any CPU
		{27CDA55C-644B-44F7-A058-838ECF2BCAF4}.Debug|Any CPU.ActiveCfg = Debug|Any CPU
		{27CDA55C-644B-44F7-A058-838ECF2BCAF4}.Debug|Any CPU.Build.0 = Debug|Any CPU
		{27CDA55C-644B-44F7-A058-838ECF2BCAF4}.Release|Any CPU.ActiveCfg = Release|Any CPU
		{27CDA55C-644B-44F7-A058-838ECF2BCAF4}.Release|Any CPU.Build.0 = Release|Any CPU
	EndGlobalSection
	GlobalSection(SolutionProperties) = preSolution
		HideSolutionNode = FALSE
	EndGlobalSection
	GlobalSection(NestedProjects) = preSolution
		{61966323-4B2E-48A1-A794-B719F0845F8E} = {03646DF3-61E2-492A-BEC0-CCCD72EEBD6A}
		{075AF74D-193F-4C8C-B8FD-104233645CA1} = {61966323-4B2E-48A1-A794-B719F0845F8E}
		{8D5CB239-11F1-4BB6-B66B-E54C0D07992A} = {075AF74D-193F-4C8C-B8FD-104233645CA1}
		{BFFE36AA-15D7-40A7-B327-044D71A47E87} = {AEA09901-59EF-45A9-88C2-6CD9D5FE4907}
		{81DD5104-1CF8-4E4B-9CAD-8467A8B19801} = {73594E60-5392-437F-B98A-7995D343431B}
		{17C96338-36A9-40F4-B734-A9DAFAD2E5F6} = {042E6D24-73B9-4AE2-81B5-421FCC3C5F8A}
		{6511782A-5728-4AAE-BDC9-F65DA163B2D7} = {17C96338-36A9-40F4-B734-A9DAFAD2E5F6}
		{73594E60-5392-437F-B98A-7995D343431B} = {03646DF3-61E2-492A-BEC0-CCCD72EEBD6A}
		{AEA09901-59EF-45A9-88C2-6CD9D5FE4907} = {73594E60-5392-437F-B98A-7995D343431B}
		{1CB70229-C752-439E-A34E-1B5996F4C348} = {042E6D24-73B9-4AE2-81B5-421FCC3C5F8A}
		{C910610A-2914-41EA-A14C-2ED07B61D737} = {8D5CB239-11F1-4BB6-B66B-E54C0D07992A}
		{D90EDF15-9B93-48E5-8877-7F41663ECF49} = {075AF74D-193F-4C8C-B8FD-104233645CA1}
		{AC516C0F-6CD5-48E5-8905-E32B29E86C44} = {075AF74D-193F-4C8C-B8FD-104233645CA1}
		{AB913A85-B64D-4C35-9508-CE81C9A6573D} = {075AF74D-193F-4C8C-B8FD-104233645CA1}
		{D3FDD1D5-F262-4498-B0FE-BD865D2D7C1F} = {61966323-4B2E-48A1-A794-B719F0845F8E}
		{E545BA16-8654-4179-A610-38896B1FDEA0} = {73594E60-5392-437F-B98A-7995D343431B}
		{ED496BFB-D034-4DED-9F7B-075BCBE3B6C1} = {73594E60-5392-437F-B98A-7995D343431B}
		{67C37CFF-F741-4FB5-A613-EEE4DF201B3D} = {AEA09901-59EF-45A9-88C2-6CD9D5FE4907}
		{B58D2740-E059-4323-8557-AEED00125CAD} = {AEA09901-59EF-45A9-88C2-6CD9D5FE4907}
		{AFF0DBE4-B9CC-4B87-9FF7-C1AD787F59A7} = {BFFE36AA-15D7-40A7-B327-044D71A47E87}
		{6CF62506-7CF0-44AE-905F-F99DCACD2E20} = {1CB70229-C752-439E-A34E-1B5996F4C348}
		{3BA8F206-1711-4C77-8818-99859C2818D9} = {17C96338-36A9-40F4-B734-A9DAFAD2E5F6}
		{2C7DEE35-6FD9-4FAC-8BE2-B12D44CF60BE} = {3EC3A2F3-1EF4-4072-8C30-620948809175}
		{2A920B74-8959-4903-808F-7FD1557D7D36} = {3EC3A2F3-1EF4-4072-8C30-620948809175}
		{2CE8B254-1FE3-4691-8941-0A49644EB98A} = {03646DF3-61E2-492A-BEC0-CCCD72EEBD6A}
		{5042C6C0-C4C8-49CF-A2F2-D368A42E9D5F} = {042E6D24-73B9-4AE2-81B5-421FCC3C5F8A}
		{AAE74E57-3DED-4C42-8D73-FD0C6B05752E} = {81DD5104-1CF8-4E4B-9CAD-8467A8B19801}
		{CEBA6FFC-494A-43A2-8847-8EFA99D88605} = {59AC411A-1EBB-4574-93A4-7C249BC91138}
		{51C06F75-D95D-4678-A6FB-11B420140FE0} = {6511782A-5728-4AAE-BDC9-F65DA163B2D7}
		{473812F6-BD44-4EC5-864E-B2B1A7BE4AD2} = {6511782A-5728-4AAE-BDC9-F65DA163B2D7}
		{F27B36B7-05C1-4B27-B846-4B888EAD9622} = {1CB70229-C752-439E-A34E-1B5996F4C348}
		{7E77C8A5-5222-4B2F-8F11-20886D483D07} = {1CB70229-C752-439E-A34E-1B5996F4C348}
		{E0D0C76D-0A0D-48CD-904A-60D98D052DF9} = {AEA09901-59EF-45A9-88C2-6CD9D5FE4907}
		{97AC6EBA-CF49-45B8-8B9E-8728D5732F1F} = {AEA09901-59EF-45A9-88C2-6CD9D5FE4907}
		{4A46323A-174B-4320-BF50-B0C810192D99} = {03646DF3-61E2-492A-BEC0-CCCD72EEBD6A}
		{0B582BE9-0908-41B9-83B6-B9F839385090} = {14184E58-7251-45CB-A8A2-063FA1166F46}
		{42E1B388-12BF-4B45-AFA8-E4AB5D70D833} = {14184E58-7251-45CB-A8A2-063FA1166F46}
		{B937AEE7-0504-48C6-9494-1080A97F849F} = {14184E58-7251-45CB-A8A2-063FA1166F46}
		{14184E58-7251-45CB-A8A2-063FA1166F46} = {3EC3A2F3-1EF4-4072-8C30-620948809175}
		{7B6F1F19-4966-4695-966B-8584246A3B9A} = {AEA09901-59EF-45A9-88C2-6CD9D5FE4907}
		{4C299609-DACB-4BA7-8198-6F54B7398D72} = {AEA09901-59EF-45A9-88C2-6CD9D5FE4907}
		{4C9DB2A5-1DE0-4A0E-ADC3-2C3E9F70FCBA} = {AEA09901-59EF-45A9-88C2-6CD9D5FE4907}
		{225B0EFE-C1E1-4FBE-9689-90D6A346373A} = {61966323-4B2E-48A1-A794-B719F0845F8E}
	EndGlobalSection
	GlobalSection(ExtensibilityGlobals) = postSolution
		SolutionGuid = {CE7EEC09-C11D-4199-B674-5D6D6015EDC4}
	EndGlobalSection
EndGlobal
