
Microsoft Visual Studio Solution File, Format Version 12.00
# Visual Studio Version 16
VisualStudioVersion = 16.0.28407.52
MinimumVisualStudioVersion = 10.0.40219.1
Project("{9A19103F-16F7-4668-BE54-9A1E7A4F7556}") = "MineLib.Server.Proxy", "MineLib.Server.Proxy\MineLib.Server.Proxy.csproj", "{8ADAC203-D9E6-415D-84FB-53864CC7AAF7}"
EndProject
Project("{9A19103F-16F7-4668-BE54-9A1E7A4F7556}") = "MineLib.Server.EntityBus", "MineLib.Server.EntityBus\MineLib.Server.EntityBus.csproj", "{3B02195E-9230-46F9-B372-88D374DF862F}"
EndProject
Project("{9A19103F-16F7-4668-BE54-9A1E7A4F7556}") = "MineLib.Server.Core", "MineLib.Server.Core\MineLib.Server.Core.csproj", "{505CD98D-AA09-498A-A105-ABB88A37818B}"
EndProject
Project("{9A19103F-16F7-4668-BE54-9A1E7A4F7556}") = "MineLib.Core", "MineLib.Core\MineLib.Core.csproj", "{A985217F-DAC8-4627-8AB7-00812785CC08}"
EndProject
Project("{9A19103F-16F7-4668-BE54-9A1E7A4F7556}") = "MineLib.Protocol5", "MineLib.Protocol5\MineLib.Protocol5.csproj", "{EE13B0F9-0EF8-4971-BEF4-EFA3EB364887}"
EndProject
Project("{9A19103F-16F7-4668-BE54-9A1E7A4F7556}") = "MineLib.Protocol340", "MineLib.Protocol340\MineLib.Protocol340.csproj", "{E9910A3A-F846-4CA8-B3EC-7FA228B629BA}"
EndProject
Project("{9A19103F-16F7-4668-BE54-9A1E7A4F7556}") = "MineLib.Protocol", "MineLib.Protocol\MineLib.Protocol.csproj", "{4D00A824-B080-45A2-A421-A15FA8DF557E}"
EndProject
Project("{9A19103F-16F7-4668-BE54-9A1E7A4F7556}") = "TinyIpc", "TinyIpc\src\TinyIpc\TinyIpc.csproj", "{956E3779-5BC0-4A65-B129-EF8A56BB1594}"
EndProject
Project("{9A19103F-16F7-4668-BE54-9A1E7A4F7556}") = "MineLib.IPC", "MineLib.IPC\MineLib.IPC.csproj", "{7A66FFF9-638A-4532-8559-3FB4C21A588E}"
EndProject
Project("{FAE04EC0-301F-11D3-BF4B-00C04F79EFBC}") = "MineLib.AddressTracker", "MineLib.AddressTracker\MineLib.AddressTracker.csproj", "{0F8213B6-F543-4688-9B9D-397F6FC78565}"
EndProject
Project("{9A19103F-16F7-4668-BE54-9A1E7A4F7556}") = "MineLib.Server.WorldBus", "MineLib.Server.WorldBus\MineLib.Server.WorldBus.csproj", "{E51AC092-DCA7-41AF-A236-EB6241A9DDBE}"
EndProject
Project("{9A19103F-16F7-4668-BE54-9A1E7A4F7556}") = "Aragas.Network-2", "Aragas.Network-2\src\Aragas.Network-2.Standard\Aragas.Network-2.csproj", "{D1CB4C10-3731-45E2-BEF8-7C58F3A0FC00}"
EndProject
Project("{2150E333-8FDC-42A3-9474-1A3956D46DE8}") = "Executables", "Executables", "{61966323-4B2E-48A1-A794-B719F0845F8E}"
EndProject
Project("{2150E333-8FDC-42A3-9474-1A3956D46DE8}") = "Third Party", "Third Party", "{3EC3A2F3-1EF4-4072-8C30-620948809175}"
EndProject
Project("{FAE04EC0-301F-11D3-BF4B-00C04F79EFBC}") = "OpenTerrainGenerator", "OpenTerrainGenerator\OpenTerrainGenerator.csproj", "{2FB29C26-CD3B-4767-9404-F2D1C7B465FF}"
EndProject
Project("{9A19103F-16F7-4668-BE54-9A1E7A4F7556}") = "MineLib.Server.PlayerBus", "MineLib.Server.PlayerBus\MineLib.Server.PlayerBus.csproj", "{266D5E11-640E-4B3C-9D2C-01EBAAE2B3B4}"
EndProject
Project("{2150E333-8FDC-42A3-9474-1A3956D46DE8}") = "Bus", "Bus", "{075AF74D-193F-4C8C-B8FD-104233645CA1}"
EndProject
Project("{2150E333-8FDC-42A3-9474-1A3956D46DE8}") = "Trash", "Trash", "{59AC411A-1EBB-4574-93A4-7C249BC91138}"
EndProject
Project("{9A19103F-16F7-4668-BE54-9A1E7A4F7556}") = "Aragas.QServer.MBus", "MineLib.Server.MBus\Aragas.QServer.MBus.csproj", "{4E522021-16FF-4760-BA3B-4617D9C4AAA4}"
EndProject
Project("{9A19103F-16F7-4668-BE54-9A1E7A4F7556}") = "MineLib.Protocol.Forge", "MineLib.Protocol.Forge\MineLib.Protocol.Forge.csproj", "{1D646CBE-7383-4B5C-AED3-BD0E420A4187}"
EndProject
Project("{9A19103F-16F7-4668-BE54-9A1E7A4F7556}") = "MineLib.Server.ForgeBus", "MineLib.Server.ForgeBus\MineLib.Server.ForgeBus.csproj", "{44071D08-87EB-4656-805F-545669564C4A}"
EndProject
Project("{2150E333-8FDC-42A3-9474-1A3956D46DE8}") = "Extensions", "Extensions", "{8D5CB239-11F1-4BB6-B66B-E54C0D07992A}"
EndProject
Project("{2150E333-8FDC-42A3-9474-1A3956D46DE8}") = "Extensions", "Extensions", "{BFFE36AA-15D7-40A7-B327-044D71A47E87}"
EndProject
Project("{9A19103F-16F7-4668-BE54-9A1E7A4F7556}") = "fNbt.Standard", "fNbt\fNbt\fNbt.Standard.csproj", "{79B883E6-D843-402C-B6AD-3C0013363D4C}"
EndProject
Project("{9A19103F-16F7-4668-BE54-9A1E7A4F7556}") = "MineLib.GreenCubes.Converter", "MineLib.GreenCubes.Converter\MineLib.GreenCubes.Converter.csproj", "{3810EAF0-EF50-4ACC-82EC-8AA5C6A00C95}"
EndProject
Project("{2150E333-8FDC-42A3-9474-1A3956D46DE8}") = "GreenCubes", "GreenCubes", "{81DD5104-1CF8-4E4B-9CAD-8467A8B19801}"
EndProject
Project("{9A19103F-16F7-4668-BE54-9A1E7A4F7556}") = "Aragas.TupleEventSystem", "Aragas.TupleEventSystem\src\Aragas.TupleEventSystem\Aragas.TupleEventSystem.csproj", "{99520479-F406-446E-AC2D-D54B443711CB}"
EndProject
Project("{9A19103F-16F7-4668-BE54-9A1E7A4F7556}") = "Aragas.QServer.Core", "Aragas.QServer.Core\Aragas.QServer.Core.csproj", "{F8878CA8-EA9F-481A-972B-20A397F28DE5}"
EndProject
Project("{2150E333-8FDC-42A3-9474-1A3956D46DE8}") = "MineLib", "MineLib", "{03646DF3-61E2-492A-BEC0-CCCD72EEBD6A}"
EndProject
Project("{2150E333-8FDC-42A3-9474-1A3956D46DE8}") = "PokeD", "PokeD", "{042E6D24-73B9-4AE2-81B5-421FCC3C5F8A}"
EndProject
Project("{2150E333-8FDC-42A3-9474-1A3956D46DE8}") = "Executables", "Executables", "{17C96338-36A9-40F4-B734-A9DAFAD2E5F6}"
EndProject
Project("{2150E333-8FDC-42A3-9474-1A3956D46DE8}") = "Bus", "Bus", "{6511782A-5728-4AAE-BDC9-F65DA163B2D7}"
EndProject
Project("{2150E333-8FDC-42A3-9474-1A3956D46DE8}") = "Libraries", "Libraries", "{73594E60-5392-437F-B98A-7995D343431B}"
EndProject
Project("{2150E333-8FDC-42A3-9474-1A3956D46DE8}") = "Protocol", "Protocol", "{AEA09901-59EF-45A9-88C2-6CD9D5FE4907}"
EndProject
Project("{9A19103F-16F7-4668-BE54-9A1E7A4F7556}") = "PokeD.Server.Proxy", "PokeD.Server.Proxy\PokeD.Server.Proxy.csproj", "{D48156A9-1D21-4965-BC25-C1EF3693E6C8}"
EndProject
Project("{2150E333-8FDC-42A3-9474-1A3956D46DE8}") = "Libraries", "Libraries", "{1CB70229-C752-439E-A34E-1B5996F4C348}"
EndProject
Project("{9A19103F-16F7-4668-BE54-9A1E7A4F7556}") = "PokeD.Server.Core", "PokeD.Server.Core\PokeD.Server.Core.csproj", "{F8C07ED4-CF1E-45BD-81E6-21D5C6BC0325}"
EndProject
Project("{E53339B2-1760-4266-BCC7-CA923CBCF16C}") = "docker-compose", "docker-compose.dcproj", "{2CE8B254-1FE3-4691-8941-0A49644EB98A}"
EndProject
Global
	GlobalSection(SolutionConfigurationPlatforms) = preSolution
		Debug|Any CPU = Debug|Any CPU
		Release|Any CPU = Release|Any CPU
	EndGlobalSection
	GlobalSection(ProjectConfigurationPlatforms) = postSolution
		{8ADAC203-D9E6-415D-84FB-53864CC7AAF7}.Debug|Any CPU.ActiveCfg = Debug|Any CPU
		{8ADAC203-D9E6-415D-84FB-53864CC7AAF7}.Debug|Any CPU.Build.0 = Debug|Any CPU
		{8ADAC203-D9E6-415D-84FB-53864CC7AAF7}.Release|Any CPU.ActiveCfg = Release|Any CPU
		{8ADAC203-D9E6-415D-84FB-53864CC7AAF7}.Release|Any CPU.Build.0 = Release|Any CPU
		{3B02195E-9230-46F9-B372-88D374DF862F}.Debug|Any CPU.ActiveCfg = Debug|Any CPU
		{3B02195E-9230-46F9-B372-88D374DF862F}.Debug|Any CPU.Build.0 = Debug|Any CPU
		{3B02195E-9230-46F9-B372-88D374DF862F}.Release|Any CPU.ActiveCfg = Release|Any CPU
		{3B02195E-9230-46F9-B372-88D374DF862F}.Release|Any CPU.Build.0 = Release|Any CPU
		{505CD98D-AA09-498A-A105-ABB88A37818B}.Debug|Any CPU.ActiveCfg = Debug|Any CPU
		{505CD98D-AA09-498A-A105-ABB88A37818B}.Debug|Any CPU.Build.0 = Debug|Any CPU
		{505CD98D-AA09-498A-A105-ABB88A37818B}.Release|Any CPU.ActiveCfg = Release|Any CPU
		{505CD98D-AA09-498A-A105-ABB88A37818B}.Release|Any CPU.Build.0 = Release|Any CPU
		{A985217F-DAC8-4627-8AB7-00812785CC08}.Debug|Any CPU.ActiveCfg = Debug|Any CPU
		{A985217F-DAC8-4627-8AB7-00812785CC08}.Debug|Any CPU.Build.0 = Debug|Any CPU
		{A985217F-DAC8-4627-8AB7-00812785CC08}.Release|Any CPU.ActiveCfg = Release|Any CPU
		{A985217F-DAC8-4627-8AB7-00812785CC08}.Release|Any CPU.Build.0 = Release|Any CPU
		{EE13B0F9-0EF8-4971-BEF4-EFA3EB364887}.Debug|Any CPU.ActiveCfg = Debug|Any CPU
		{EE13B0F9-0EF8-4971-BEF4-EFA3EB364887}.Debug|Any CPU.Build.0 = Debug|Any CPU
		{EE13B0F9-0EF8-4971-BEF4-EFA3EB364887}.Release|Any CPU.ActiveCfg = Release|Any CPU
		{EE13B0F9-0EF8-4971-BEF4-EFA3EB364887}.Release|Any CPU.Build.0 = Release|Any CPU
		{E9910A3A-F846-4CA8-B3EC-7FA228B629BA}.Debug|Any CPU.ActiveCfg = Debug|Any CPU
		{E9910A3A-F846-4CA8-B3EC-7FA228B629BA}.Debug|Any CPU.Build.0 = Debug|Any CPU
		{E9910A3A-F846-4CA8-B3EC-7FA228B629BA}.Release|Any CPU.ActiveCfg = Release|Any CPU
		{E9910A3A-F846-4CA8-B3EC-7FA228B629BA}.Release|Any CPU.Build.0 = Release|Any CPU
		{4D00A824-B080-45A2-A421-A15FA8DF557E}.Debug|Any CPU.ActiveCfg = Debug|Any CPU
		{4D00A824-B080-45A2-A421-A15FA8DF557E}.Debug|Any CPU.Build.0 = Debug|Any CPU
		{4D00A824-B080-45A2-A421-A15FA8DF557E}.Release|Any CPU.ActiveCfg = Release|Any CPU
		{4D00A824-B080-45A2-A421-A15FA8DF557E}.Release|Any CPU.Build.0 = Release|Any CPU
		{956E3779-5BC0-4A65-B129-EF8A56BB1594}.Debug|Any CPU.ActiveCfg = Debug|Any CPU
		{956E3779-5BC0-4A65-B129-EF8A56BB1594}.Debug|Any CPU.Build.0 = Debug|Any CPU
		{956E3779-5BC0-4A65-B129-EF8A56BB1594}.Release|Any CPU.ActiveCfg = Release|Any CPU
		{956E3779-5BC0-4A65-B129-EF8A56BB1594}.Release|Any CPU.Build.0 = Release|Any CPU
		{7A66FFF9-638A-4532-8559-3FB4C21A588E}.Debug|Any CPU.ActiveCfg = Debug|Any CPU
		{7A66FFF9-638A-4532-8559-3FB4C21A588E}.Debug|Any CPU.Build.0 = Debug|Any CPU
		{7A66FFF9-638A-4532-8559-3FB4C21A588E}.Release|Any CPU.ActiveCfg = Release|Any CPU
		{7A66FFF9-638A-4532-8559-3FB4C21A588E}.Release|Any CPU.Build.0 = Release|Any CPU
		{0F8213B6-F543-4688-9B9D-397F6FC78565}.Debug|Any CPU.ActiveCfg = Debug|Any CPU
		{0F8213B6-F543-4688-9B9D-397F6FC78565}.Debug|Any CPU.Build.0 = Debug|Any CPU
		{0F8213B6-F543-4688-9B9D-397F6FC78565}.Release|Any CPU.ActiveCfg = Release|Any CPU
		{0F8213B6-F543-4688-9B9D-397F6FC78565}.Release|Any CPU.Build.0 = Release|Any CPU
		{E51AC092-DCA7-41AF-A236-EB6241A9DDBE}.Debug|Any CPU.ActiveCfg = Debug|Any CPU
		{E51AC092-DCA7-41AF-A236-EB6241A9DDBE}.Debug|Any CPU.Build.0 = Debug|Any CPU
		{E51AC092-DCA7-41AF-A236-EB6241A9DDBE}.Release|Any CPU.ActiveCfg = Release|Any CPU
		{E51AC092-DCA7-41AF-A236-EB6241A9DDBE}.Release|Any CPU.Build.0 = Release|Any CPU
		{D1CB4C10-3731-45E2-BEF8-7C58F3A0FC00}.Debug|Any CPU.ActiveCfg = Debug|Any CPU
		{D1CB4C10-3731-45E2-BEF8-7C58F3A0FC00}.Debug|Any CPU.Build.0 = Debug|Any CPU
		{D1CB4C10-3731-45E2-BEF8-7C58F3A0FC00}.Release|Any CPU.ActiveCfg = Release|Any CPU
		{D1CB4C10-3731-45E2-BEF8-7C58F3A0FC00}.Release|Any CPU.Build.0 = Release|Any CPU
		{2FB29C26-CD3B-4767-9404-F2D1C7B465FF}.Debug|Any CPU.ActiveCfg = Debug|Any CPU
		{2FB29C26-CD3B-4767-9404-F2D1C7B465FF}.Debug|Any CPU.Build.0 = Debug|Any CPU
		{2FB29C26-CD3B-4767-9404-F2D1C7B465FF}.Release|Any CPU.ActiveCfg = Release|Any CPU
		{2FB29C26-CD3B-4767-9404-F2D1C7B465FF}.Release|Any CPU.Build.0 = Release|Any CPU
		{266D5E11-640E-4B3C-9D2C-01EBAAE2B3B4}.Debug|Any CPU.ActiveCfg = Debug|Any CPU
		{266D5E11-640E-4B3C-9D2C-01EBAAE2B3B4}.Debug|Any CPU.Build.0 = Debug|Any CPU
		{266D5E11-640E-4B3C-9D2C-01EBAAE2B3B4}.Release|Any CPU.ActiveCfg = Release|Any CPU
		{266D5E11-640E-4B3C-9D2C-01EBAAE2B3B4}.Release|Any CPU.Build.0 = Release|Any CPU
		{4E522021-16FF-4760-BA3B-4617D9C4AAA4}.Debug|Any CPU.ActiveCfg = Debug|Any CPU
		{4E522021-16FF-4760-BA3B-4617D9C4AAA4}.Debug|Any CPU.Build.0 = Debug|Any CPU
		{4E522021-16FF-4760-BA3B-4617D9C4AAA4}.Release|Any CPU.ActiveCfg = Release|Any CPU
		{4E522021-16FF-4760-BA3B-4617D9C4AAA4}.Release|Any CPU.Build.0 = Release|Any CPU
		{1D646CBE-7383-4B5C-AED3-BD0E420A4187}.Debug|Any CPU.ActiveCfg = Debug|Any CPU
		{1D646CBE-7383-4B5C-AED3-BD0E420A4187}.Debug|Any CPU.Build.0 = Debug|Any CPU
		{1D646CBE-7383-4B5C-AED3-BD0E420A4187}.Release|Any CPU.ActiveCfg = Release|Any CPU
		{1D646CBE-7383-4B5C-AED3-BD0E420A4187}.Release|Any CPU.Build.0 = Release|Any CPU
		{44071D08-87EB-4656-805F-545669564C4A}.Debug|Any CPU.ActiveCfg = Debug|Any CPU
		{44071D08-87EB-4656-805F-545669564C4A}.Debug|Any CPU.Build.0 = Debug|Any CPU
		{44071D08-87EB-4656-805F-545669564C4A}.Release|Any CPU.ActiveCfg = Release|Any CPU
		{44071D08-87EB-4656-805F-545669564C4A}.Release|Any CPU.Build.0 = Release|Any CPU
		{79B883E6-D843-402C-B6AD-3C0013363D4C}.Debug|Any CPU.ActiveCfg = Debug|Any CPU
		{79B883E6-D843-402C-B6AD-3C0013363D4C}.Debug|Any CPU.Build.0 = Debug|Any CPU
		{79B883E6-D843-402C-B6AD-3C0013363D4C}.Release|Any CPU.ActiveCfg = Release|Any CPU
		{79B883E6-D843-402C-B6AD-3C0013363D4C}.Release|Any CPU.Build.0 = Release|Any CPU
		{3810EAF0-EF50-4ACC-82EC-8AA5C6A00C95}.Debug|Any CPU.ActiveCfg = Debug|Any CPU
		{3810EAF0-EF50-4ACC-82EC-8AA5C6A00C95}.Debug|Any CPU.Build.0 = Debug|Any CPU
		{3810EAF0-EF50-4ACC-82EC-8AA5C6A00C95}.Release|Any CPU.ActiveCfg = Release|Any CPU
		{3810EAF0-EF50-4ACC-82EC-8AA5C6A00C95}.Release|Any CPU.Build.0 = Release|Any CPU
		{99520479-F406-446E-AC2D-D54B443711CB}.Debug|Any CPU.ActiveCfg = Debug|Any CPU
		{99520479-F406-446E-AC2D-D54B443711CB}.Debug|Any CPU.Build.0 = Debug|Any CPU
		{99520479-F406-446E-AC2D-D54B443711CB}.Release|Any CPU.ActiveCfg = Release|Any CPU
		{99520479-F406-446E-AC2D-D54B443711CB}.Release|Any CPU.Build.0 = Release|Any CPU
		{F8878CA8-EA9F-481A-972B-20A397F28DE5}.Debug|Any CPU.ActiveCfg = Debug|Any CPU
		{F8878CA8-EA9F-481A-972B-20A397F28DE5}.Debug|Any CPU.Build.0 = Debug|Any CPU
		{F8878CA8-EA9F-481A-972B-20A397F28DE5}.Release|Any CPU.ActiveCfg = Release|Any CPU
		{F8878CA8-EA9F-481A-972B-20A397F28DE5}.Release|Any CPU.Build.0 = Release|Any CPU
		{D48156A9-1D21-4965-BC25-C1EF3693E6C8}.Debug|Any CPU.ActiveCfg = Debug|Any CPU
		{D48156A9-1D21-4965-BC25-C1EF3693E6C8}.Debug|Any CPU.Build.0 = Debug|Any CPU
		{D48156A9-1D21-4965-BC25-C1EF3693E6C8}.Release|Any CPU.ActiveCfg = Release|Any CPU
		{D48156A9-1D21-4965-BC25-C1EF3693E6C8}.Release|Any CPU.Build.0 = Release|Any CPU
		{F8C07ED4-CF1E-45BD-81E6-21D5C6BC0325}.Debug|Any CPU.ActiveCfg = Debug|Any CPU
		{F8C07ED4-CF1E-45BD-81E6-21D5C6BC0325}.Debug|Any CPU.Build.0 = Debug|Any CPU
		{F8C07ED4-CF1E-45BD-81E6-21D5C6BC0325}.Release|Any CPU.ActiveCfg = Release|Any CPU
		{F8C07ED4-CF1E-45BD-81E6-21D5C6BC0325}.Release|Any CPU.Build.0 = Release|Any CPU
		{2CE8B254-1FE3-4691-8941-0A49644EB98A}.Debug|Any CPU.ActiveCfg = Debug|Any CPU
		{2CE8B254-1FE3-4691-8941-0A49644EB98A}.Debug|Any CPU.Build.0 = Debug|Any CPU
		{2CE8B254-1FE3-4691-8941-0A49644EB98A}.Release|Any CPU.ActiveCfg = Release|Any CPU
		{2CE8B254-1FE3-4691-8941-0A49644EB98A}.Release|Any CPU.Build.0 = Release|Any CPU
	EndGlobalSection
	GlobalSection(SolutionProperties) = preSolution
		HideSolutionNode = FALSE
	EndGlobalSection
	GlobalSection(NestedProjects) = preSolution
		{8ADAC203-D9E6-415D-84FB-53864CC7AAF7} = {61966323-4B2E-48A1-A794-B719F0845F8E}
		{3B02195E-9230-46F9-B372-88D374DF862F} = {075AF74D-193F-4C8C-B8FD-104233645CA1}
		{505CD98D-AA09-498A-A105-ABB88A37818B} = {73594E60-5392-437F-B98A-7995D343431B}
		{A985217F-DAC8-4627-8AB7-00812785CC08} = {73594E60-5392-437F-B98A-7995D343431B}
		{EE13B0F9-0EF8-4971-BEF4-EFA3EB364887} = {AEA09901-59EF-45A9-88C2-6CD9D5FE4907}
		{E9910A3A-F846-4CA8-B3EC-7FA228B629BA} = {59AC411A-1EBB-4574-93A4-7C249BC91138}
		{4D00A824-B080-45A2-A421-A15FA8DF557E} = {AEA09901-59EF-45A9-88C2-6CD9D5FE4907}
		{956E3779-5BC0-4A65-B129-EF8A56BB1594} = {59AC411A-1EBB-4574-93A4-7C249BC91138}
		{7A66FFF9-638A-4532-8559-3FB4C21A588E} = {59AC411A-1EBB-4574-93A4-7C249BC91138}
		{0F8213B6-F543-4688-9B9D-397F6FC78565} = {59AC411A-1EBB-4574-93A4-7C249BC91138}
		{E51AC092-DCA7-41AF-A236-EB6241A9DDBE} = {075AF74D-193F-4C8C-B8FD-104233645CA1}
		{D1CB4C10-3731-45E2-BEF8-7C58F3A0FC00} = {3EC3A2F3-1EF4-4072-8C30-620948809175}
		{61966323-4B2E-48A1-A794-B719F0845F8E} = {03646DF3-61E2-492A-BEC0-CCCD72EEBD6A}
		{2FB29C26-CD3B-4767-9404-F2D1C7B465FF} = {59AC411A-1EBB-4574-93A4-7C249BC91138}
		{266D5E11-640E-4B3C-9D2C-01EBAAE2B3B4} = {075AF74D-193F-4C8C-B8FD-104233645CA1}
		{075AF74D-193F-4C8C-B8FD-104233645CA1} = {61966323-4B2E-48A1-A794-B719F0845F8E}
		{1D646CBE-7383-4B5C-AED3-BD0E420A4187} = {BFFE36AA-15D7-40A7-B327-044D71A47E87}
		{44071D08-87EB-4656-805F-545669564C4A} = {8D5CB239-11F1-4BB6-B66B-E54C0D07992A}
		{8D5CB239-11F1-4BB6-B66B-E54C0D07992A} = {075AF74D-193F-4C8C-B8FD-104233645CA1}
		{BFFE36AA-15D7-40A7-B327-044D71A47E87} = {AEA09901-59EF-45A9-88C2-6CD9D5FE4907}
		{79B883E6-D843-402C-B6AD-3C0013363D4C} = {3EC3A2F3-1EF4-4072-8C30-620948809175}
		{3810EAF0-EF50-4ACC-82EC-8AA5C6A00C95} = {81DD5104-1CF8-4E4B-9CAD-8467A8B19801}
		{99520479-F406-446E-AC2D-D54B443711CB} = {3EC3A2F3-1EF4-4072-8C30-620948809175}
		{17C96338-36A9-40F4-B734-A9DAFAD2E5F6} = {042E6D24-73B9-4AE2-81B5-421FCC3C5F8A}
		{6511782A-5728-4AAE-BDC9-F65DA163B2D7} = {17C96338-36A9-40F4-B734-A9DAFAD2E5F6}
		{73594E60-5392-437F-B98A-7995D343431B} = {03646DF3-61E2-492A-BEC0-CCCD72EEBD6A}
		{AEA09901-59EF-45A9-88C2-6CD9D5FE4907} = {73594E60-5392-437F-B98A-7995D343431B}
		{D48156A9-1D21-4965-BC25-C1EF3693E6C8} = {17C96338-36A9-40F4-B734-A9DAFAD2E5F6}
		{1CB70229-C752-439E-A34E-1B5996F4C348} = {042E6D24-73B9-4AE2-81B5-421FCC3C5F8A}
		{F8C07ED4-CF1E-45BD-81E6-21D5C6BC0325} = {1CB70229-C752-439E-A34E-1B5996F4C348}
	EndGlobalSection
	GlobalSection(ExtensibilityGlobals) = postSolution
		SolutionGuid = {CE7EEC09-C11D-4199-B674-5D6D6015EDC4}
	EndGlobalSection
EndGlobal
