
Microsoft Visual Studio Solution File, Format Version 12.00
# Visual Studio Version 16
VisualStudioVersion = 16.0.28407.52
MinimumVisualStudioVersion = 10.0.40219.1
Project("{9A19103F-16F7-4668-BE54-9A1E7A4F7556}") = "MineLib.Server.Proxy", "MineLib.Server.Proxy\MineLib.Server.Proxy.csproj", "{8ADAC203-D9E6-415D-84FB-53864CC7AAF7}"
EndProject
Project("{9A19103F-16F7-4668-BE54-9A1E7A4F7556}") = "MineLib.Server.EntityBus", "MineLib.Server.EntityBus\MineLib.Server.EntityBus.csproj", "{3B02195E-9230-46F9-B372-88D374DF862F}"
EndProject
Project("{9A19103F-16F7-4668-BE54-9A1E7A4F7556}") = "MineLib.Server.Core", "MineLib.Server.Core\MineLib.Server.Core.csproj", "{505CD98D-AA09-498A-A105-ABB88A37818B}"
EndProject
Project("{9A19103F-16F7-4668-BE54-9A1E7A4F7556}") = "MineLib.Core", "MineLib.Core\MineLib.Core.csproj", "{A985217F-DAC8-4627-8AB7-00812785CC08}"
EndProject
Project("{9A19103F-16F7-4668-BE54-9A1E7A4F7556}") = "MineLib.Protocol5", "MineLib.Protocol5\MineLib.Protocol5.csproj", "{EE13B0F9-0EF8-4971-BEF4-EFA3EB364887}"
EndProject
Project("{9A19103F-16F7-4668-BE54-9A1E7A4F7556}") = "MineLib.Protocol340", "MineLib.Protocol340\MineLib.Protocol340.csproj", "{E9910A3A-F846-4CA8-B3EC-7FA228B629BA}"
EndProject
Project("{9A19103F-16F7-4668-BE54-9A1E7A4F7556}") = "MineLib.Protocol", "MineLib.Protocol\MineLib.Protocol.csproj", "{4D00A824-B080-45A2-A421-A15FA8DF557E}"
EndProject
Project("{9A19103F-16F7-4668-BE54-9A1E7A4F7556}") = "TinyIpc", "TinyIpc\src\TinyIpc\TinyIpc.csproj", "{956E3779-5BC0-4A65-B129-EF8A56BB1594}"
EndProject
Project("{9A19103F-16F7-4668-BE54-9A1E7A4F7556}") = "MineLib.IPC", "MineLib.IPC\MineLib.IPC.csproj", "{7A66FFF9-638A-4532-8559-3FB4C21A588E}"
EndProject
Project("{FAE04EC0-301F-11D3-BF4B-00C04F79EFBC}") = "MineLib.AddressTracker", "MineLib.AddressTracker\MineLib.AddressTracker.csproj", "{0F8213B6-F543-4688-9B9D-397F6FC78565}"
EndProject
Project("{9A19103F-16F7-4668-BE54-9A1E7A4F7556}") = "MineLib.Server.WorldBus", "MineLib.Server.WorldBus\MineLib.Server.WorldBus.csproj", "{E51AC092-DCA7-41AF-A236-EB6241A9DDBE}"
EndProject
Project("{9A19103F-16F7-4668-BE54-9A1E7A4F7556}") = "Aragas.Network-2", "Aragas.Network-2\src\Aragas.Network-2.Standard\Aragas.Network-2.csproj", "{D1CB4C10-3731-45E2-BEF8-7C58F3A0FC00}"
EndProject
Project("{2150E333-8FDC-42A3-9474-1A3956D46DE8}") = "Executables", "Executables", "{61966323-4B2E-48A1-A794-B719F0845F8E}"
EndProject
Project("{2150E333-8FDC-42A3-9474-1A3956D46DE8}") = "Third Party", "Third Party", "{3EC3A2F3-1EF4-4072-8C30-620948809175}"
EndProject
Project("{2150E333-8FDC-42A3-9474-1A3956D46DE8}") = "Libraries", "Libraries", "{522E6CA5-D27A-45B5-9850-0D338E87719E}"
EndProject
Project("{FAE04EC0-301F-11D3-BF4B-00C04F79EFBC}") = "OpenTerrainGenerator", "OpenTerrainGenerator\OpenTerrainGenerator.csproj", "{2FB29C26-CD3B-4767-9404-F2D1C7B465FF}"
EndProject
Project("{9A19103F-16F7-4668-BE54-9A1E7A4F7556}") = "MineLib.Server.PlayerBus", "MineLib.Server.PlayerBus\MineLib.Server.PlayerBus.csproj", "{266D5E11-640E-4B3C-9D2C-01EBAAE2B3B4}"
EndProject
Project("{2150E333-8FDC-42A3-9474-1A3956D46DE8}") = "Bus", "Bus", "{075AF74D-193F-4C8C-B8FD-104233645CA1}"
EndProject
Project("{2150E333-8FDC-42A3-9474-1A3956D46DE8}") = "Protocol", "Protocol", "{D1F3895A-8705-4722-BE5E-EC3C7821346B}"
EndProject
Project("{2150E333-8FDC-42A3-9474-1A3956D46DE8}") = "Core", "Core", "{57C15E61-BA36-4700-A5D0-1F009DE99EDA}"
EndProject
Project("{2150E333-8FDC-42A3-9474-1A3956D46DE8}") = "Trash", "Trash", "{59AC411A-1EBB-4574-93A4-7C249BC91138}"
EndProject
Project("{9A19103F-16F7-4668-BE54-9A1E7A4F7556}") = "MineLib.Server.MBus", "MineLib.Server.MBus\MineLib.Server.MBus.csproj", "{4E522021-16FF-4760-BA3B-4617D9C4AAA4}"
EndProject
Project("{9A19103F-16F7-4668-BE54-9A1E7A4F7556}") = "MineLib.Protocol.Forge", "MineLib.Protocol.Forge\MineLib.Protocol.Forge.csproj", "{1D646CBE-7383-4B5C-AED3-BD0E420A4187}"
EndProject
Project("{9A19103F-16F7-4668-BE54-9A1E7A4F7556}") = "MineLib.Server.ForgeBus", "MineLib.Server.ForgeBus\MineLib.Server.ForgeBus.csproj", "{44071D08-87EB-4656-805F-545669564C4A}"
EndProject
Project("{2150E333-8FDC-42A3-9474-1A3956D46DE8}") = "Extensions", "Extensions", "{8D5CB239-11F1-4BB6-B66B-E54C0D07992A}"
EndProject
Project("{2150E333-8FDC-42A3-9474-1A3956D46DE8}") = "Extensions", "Extensions", "{BFFE36AA-15D7-40A7-B327-044D71A47E87}"
EndProject
Project("{9A19103F-16F7-4668-BE54-9A1E7A4F7556}") = "fNbt.Standard", "fNbt\fNbt\fNbt.Standard.csproj", "{79B883E6-D843-402C-B6AD-3C0013363D4C}"
EndProject
Project("{FAE04EC0-301F-11D3-BF4B-00C04F79EFBC}") = "MineLib.GreenCubes.Converter", "MineLib.GreenCubes.Converter\MineLib.GreenCubes.Converter.csproj", "{3810EAF0-EF50-4ACC-82EC-8AA5C6A00C95}"
EndProject
Project("{2150E333-8FDC-42A3-9474-1A3956D46DE8}") = "GreenCubes", "GreenCubes", "{81DD5104-1CF8-4E4B-9CAD-8467A8B19801}"
EndProject
Global
	GlobalSection(SolutionConfigurationPlatforms) = preSolution
		Debug|Any CPU = Debug|Any CPU
		Release|Any CPU = Release|Any CPU
	EndGlobalSection
	GlobalSection(ProjectConfigurationPlatforms) = postSolution
		{8ADAC203-D9E6-415D-84FB-53864CC7AAF7}.Debug|Any CPU.ActiveCfg = Debug|Any CPU
		{8ADAC203-D9E6-415D-84FB-53864CC7AAF7}.Debug|Any CPU.Build.0 = Debug|Any CPU
		{8ADAC203-D9E6-415D-84FB-53864CC7AAF7}.Release|Any CPU.ActiveCfg = Release|Any CPU
		{8ADAC203-D9E6-415D-84FB-53864CC7AAF7}.Release|Any CPU.Build.0 = Release|Any CPU
		{3B02195E-9230-46F9-B372-88D374DF862F}.Debug|Any CPU.ActiveCfg = Debug|Any CPU
		{3B02195E-9230-46F9-B372-88D374DF862F}.Debug|Any CPU.Build.0 = Debug|Any CPU
		{3B02195E-9230-46F9-B372-88D374DF862F}.Release|Any CPU.ActiveCfg = Release|Any CPU
		{3B02195E-9230-46F9-B372-88D374DF862F}.Release|Any CPU.Build.0 = Release|Any CPU
		{505CD98D-AA09-498A-A105-ABB88A37818B}.Debug|Any CPU.ActiveCfg = Debug|Any CPU
		{505CD98D-AA09-498A-A105-ABB88A37818B}.Debug|Any CPU.Build.0 = Debug|Any CPU
		{505CD98D-AA09-498A-A105-ABB88A37818B}.Release|Any CPU.ActiveCfg = Release|Any CPU
		{505CD98D-AA09-498A-A105-ABB88A37818B}.Release|Any CPU.Build.0 = Release|Any CPU
		{A985217F-DAC8-4627-8AB7-00812785CC08}.Debug|Any CPU.ActiveCfg = Debug|Any CPU
		{A985217F-DAC8-4627-8AB7-00812785CC08}.Debug|Any CPU.Build.0 = Debug|Any CPU
		{A985217F-DAC8-4627-8AB7-00812785CC08}.Release|Any CPU.ActiveCfg = Release|Any CPU
		{A985217F-DAC8-4627-8AB7-00812785CC08}.Release|Any CPU.Build.0 = Release|Any CPU
		{EE13B0F9-0EF8-4971-BEF4-EFA3EB364887}.Debug|Any CPU.ActiveCfg = Debug|Any CPU
		{EE13B0F9-0EF8-4971-BEF4-EFA3EB364887}.Debug|Any CPU.Build.0 = Debug|Any CPU
		{EE13B0F9-0EF8-4971-BEF4-EFA3EB364887}.Release|Any CPU.ActiveCfg = Release|Any CPU
		{EE13B0F9-0EF8-4971-BEF4-EFA3EB364887}.Release|Any CPU.Build.0 = Release|Any CPU
		{E9910A3A-F846-4CA8-B3EC-7FA228B629BA}.Debug|Any CPU.ActiveCfg = Debug|Any CPU
		{E9910A3A-F846-4CA8-B3EC-7FA228B629BA}.Debug|Any CPU.Build.0 = Debug|Any CPU
		{E9910A3A-F846-4CA8-B3EC-7FA228B629BA}.Release|Any CPU.ActiveCfg = Release|Any CPU
		{E9910A3A-F846-4CA8-B3EC-7FA228B629BA}.Release|Any CPU.Build.0 = Release|Any CPU
		{4D00A824-B080-45A2-A421-A15FA8DF557E}.Debug|Any CPU.ActiveCfg = Debug|Any CPU
		{4D00A824-B080-45A2-A421-A15FA8DF557E}.Debug|Any CPU.Build.0 = Debug|Any CPU
		{4D00A824-B080-45A2-A421-A15FA8DF557E}.Release|Any CPU.ActiveCfg = Release|Any CPU
		{4D00A824-B080-45A2-A421-A15FA8DF557E}.Release|Any CPU.Build.0 = Release|Any CPU
		{956E3779-5BC0-4A65-B129-EF8A56BB1594}.Debug|Any CPU.ActiveCfg = Debug|Any CPU
		{956E3779-5BC0-4A65-B129-EF8A56BB1594}.Debug|Any CPU.Build.0 = Debug|Any CPU
		{956E3779-5BC0-4A65-B129-EF8A56BB1594}.Release|Any CPU.ActiveCfg = Release|Any CPU
		{956E3779-5BC0-4A65-B129-EF8A56BB1594}.Release|Any CPU.Build.0 = Release|Any CPU
		{7A66FFF9-638A-4532-8559-3FB4C21A588E}.Debug|Any CPU.ActiveCfg = Debug|Any CPU
		{7A66FFF9-638A-4532-8559-3FB4C21A588E}.Debug|Any CPU.Build.0 = Debug|Any CPU
		{7A66FFF9-638A-4532-8559-3FB4C21A588E}.Release|Any CPU.ActiveCfg = Release|Any CPU
		{7A66FFF9-638A-4532-8559-3FB4C21A588E}.Release|Any CPU.Build.0 = Release|Any CPU
		{0F8213B6-F543-4688-9B9D-397F6FC78565}.Debug|Any CPU.ActiveCfg = Debug|Any CPU
		{0F8213B6-F543-4688-9B9D-397F6FC78565}.Debug|Any CPU.Build.0 = Debug|Any CPU
		{0F8213B6-F543-4688-9B9D-397F6FC78565}.Release|Any CPU.ActiveCfg = Release|Any CPU
		{0F8213B6-F543-4688-9B9D-397F6FC78565}.Release|Any CPU.Build.0 = Release|Any CPU
		{E51AC092-DCA7-41AF-A236-EB6241A9DDBE}.Debug|Any CPU.ActiveCfg = Debug|Any CPU
		{E51AC092-DCA7-41AF-A236-EB6241A9DDBE}.Debug|Any CPU.Build.0 = Debug|Any CPU
		{E51AC092-DCA7-41AF-A236-EB6241A9DDBE}.Release|Any CPU.ActiveCfg = Release|Any CPU
		{E51AC092-DCA7-41AF-A236-EB6241A9DDBE}.Release|Any CPU.Build.0 = Release|Any CPU
		{D1CB4C10-3731-45E2-BEF8-7C58F3A0FC00}.Debug|Any CPU.ActiveCfg = Debug|Any CPU
		{D1CB4C10-3731-45E2-BEF8-7C58F3A0FC00}.Debug|Any CPU.Build.0 = Debug|Any CPU
		{D1CB4C10-3731-45E2-BEF8-7C58F3A0FC00}.Release|Any CPU.ActiveCfg = Release|Any CPU
		{D1CB4C10-3731-45E2-BEF8-7C58F3A0FC00}.Release|Any CPU.Build.0 = Release|Any CPU
		{2FB29C26-CD3B-4767-9404-F2D1C7B465FF}.Debug|Any CPU.ActiveCfg = Debug|Any CPU
		{2FB29C26-CD3B-4767-9404-F2D1C7B465FF}.Debug|Any CPU.Build.0 = Debug|Any CPU
		{2FB29C26-CD3B-4767-9404-F2D1C7B465FF}.Release|Any CPU.ActiveCfg = Release|Any CPU
		{2FB29C26-CD3B-4767-9404-F2D1C7B465FF}.Release|Any CPU.Build.0 = Release|Any CPU
		{266D5E11-640E-4B3C-9D2C-01EBAAE2B3B4}.Debug|Any CPU.ActiveCfg = Debug|Any CPU
		{266D5E11-640E-4B3C-9D2C-01EBAAE2B3B4}.Debug|Any CPU.Build.0 = Debug|Any CPU
		{266D5E11-640E-4B3C-9D2C-01EBAAE2B3B4}.Release|Any CPU.ActiveCfg = Release|Any CPU
		{266D5E11-640E-4B3C-9D2C-01EBAAE2B3B4}.Release|Any CPU.Build.0 = Release|Any CPU
		{4E522021-16FF-4760-BA3B-4617D9C4AAA4}.Debug|Any CPU.ActiveCfg = Debug|Any CPU
		{4E522021-16FF-4760-BA3B-4617D9C4AAA4}.Debug|Any CPU.Build.0 = Debug|Any CPU
		{4E522021-16FF-4760-BA3B-4617D9C4AAA4}.Release|Any CPU.ActiveCfg = Release|Any CPU
		{4E522021-16FF-4760-BA3B-4617D9C4AAA4}.Release|Any CPU.Build.0 = Release|Any CPU
		{1D646CBE-7383-4B5C-AED3-BD0E420A4187}.Debug|Any CPU.ActiveCfg = Debug|Any CPU
		{1D646CBE-7383-4B5C-AED3-BD0E420A4187}.Debug|Any CPU.Build.0 = Debug|Any CPU
		{1D646CBE-7383-4B5C-AED3-BD0E420A4187}.Release|Any CPU.ActiveCfg = Release|Any CPU
		{1D646CBE-7383-4B5C-AED3-BD0E420A4187}.Release|Any CPU.Build.0 = Release|Any CPU
		{44071D08-87EB-4656-805F-545669564C4A}.Debug|Any CPU.ActiveCfg = Debug|Any CPU
		{44071D08-87EB-4656-805F-545669564C4A}.Debug|Any CPU.Build.0 = Debug|Any CPU
		{44071D08-87EB-4656-805F-545669564C4A}.Release|Any CPU.ActiveCfg = Release|Any CPU
		{44071D08-87EB-4656-805F-545669564C4A}.Release|Any CPU.Build.0 = Release|Any CPU
		{79B883E6-D843-402C-B6AD-3C0013363D4C}.Debug|Any CPU.ActiveCfg = Debug|Any CPU
		{79B883E6-D843-402C-B6AD-3C0013363D4C}.Debug|Any CPU.Build.0 = Debug|Any CPU
		{79B883E6-D843-402C-B6AD-3C0013363D4C}.Release|Any CPU.ActiveCfg = Release|Any CPU
		{79B883E6-D843-402C-B6AD-3C0013363D4C}.Release|Any CPU.Build.0 = Release|Any CPU
		{3810EAF0-EF50-4ACC-82EC-8AA5C6A00C95}.Debug|Any CPU.ActiveCfg = Debug|Any CPU
		{3810EAF0-EF50-4ACC-82EC-8AA5C6A00C95}.Debug|Any CPU.Build.0 = Debug|Any CPU
		{3810EAF0-EF50-4ACC-82EC-8AA5C6A00C95}.Release|Any CPU.ActiveCfg = Release|Any CPU
		{3810EAF0-EF50-4ACC-82EC-8AA5C6A00C95}.Release|Any CPU.Build.0 = Release|Any CPU
	EndGlobalSection
	GlobalSection(SolutionProperties) = preSolution
		HideSolutionNode = FALSE
	EndGlobalSection
	GlobalSection(NestedProjects) = preSolution
		{8ADAC203-D9E6-415D-84FB-53864CC7AAF7} = {61966323-4B2E-48A1-A794-B719F0845F8E}
		{3B02195E-9230-46F9-B372-88D374DF862F} = {075AF74D-193F-4C8C-B8FD-104233645CA1}
		{505CD98D-AA09-498A-A105-ABB88A37818B} = {57C15E61-BA36-4700-A5D0-1F009DE99EDA}
		{A985217F-DAC8-4627-8AB7-00812785CC08} = {57C15E61-BA36-4700-A5D0-1F009DE99EDA}
		{EE13B0F9-0EF8-4971-BEF4-EFA3EB364887} = {D1F3895A-8705-4722-BE5E-EC3C7821346B}
		{E9910A3A-F846-4CA8-B3EC-7FA228B629BA} = {59AC411A-1EBB-4574-93A4-7C249BC91138}
		{4D00A824-B080-45A2-A421-A15FA8DF557E} = {D1F3895A-8705-4722-BE5E-EC3C7821346B}
		{956E3779-5BC0-4A65-B129-EF8A56BB1594} = {59AC411A-1EBB-4574-93A4-7C249BC91138}
		{7A66FFF9-638A-4532-8559-3FB4C21A588E} = {59AC411A-1EBB-4574-93A4-7C249BC91138}
		{0F8213B6-F543-4688-9B9D-397F6FC78565} = {59AC411A-1EBB-4574-93A4-7C249BC91138}
		{E51AC092-DCA7-41AF-A236-EB6241A9DDBE} = {075AF74D-193F-4C8C-B8FD-104233645CA1}
		{D1CB4C10-3731-45E2-BEF8-7C58F3A0FC00} = {3EC3A2F3-1EF4-4072-8C30-620948809175}
		{2FB29C26-CD3B-4767-9404-F2D1C7B465FF} = {59AC411A-1EBB-4574-93A4-7C249BC91138}
		{266D5E11-640E-4B3C-9D2C-01EBAAE2B3B4} = {075AF74D-193F-4C8C-B8FD-104233645CA1}
		{075AF74D-193F-4C8C-B8FD-104233645CA1} = {61966323-4B2E-48A1-A794-B719F0845F8E}
		{D1F3895A-8705-4722-BE5E-EC3C7821346B} = {522E6CA5-D27A-45B5-9850-0D338E87719E}
		{57C15E61-BA36-4700-A5D0-1F009DE99EDA} = {522E6CA5-D27A-45B5-9850-0D338E87719E}
		{4E522021-16FF-4760-BA3B-4617D9C4AAA4} = {075AF74D-193F-4C8C-B8FD-104233645CA1}
		{1D646CBE-7383-4B5C-AED3-BD0E420A4187} = {BFFE36AA-15D7-40A7-B327-044D71A47E87}
		{44071D08-87EB-4656-805F-545669564C4A} = {8D5CB239-11F1-4BB6-B66B-E54C0D07992A}
		{8D5CB239-11F1-4BB6-B66B-E54C0D07992A} = {075AF74D-193F-4C8C-B8FD-104233645CA1}
		{BFFE36AA-15D7-40A7-B327-044D71A47E87} = {D1F3895A-8705-4722-BE5E-EC3C7821346B}
		{79B883E6-D843-402C-B6AD-3C0013363D4C} = {3EC3A2F3-1EF4-4072-8C30-620948809175}
		{3810EAF0-EF50-4ACC-82EC-8AA5C6A00C95} = {81DD5104-1CF8-4E4B-9CAD-8467A8B19801}
	EndGlobalSection
	GlobalSection(ExtensibilityGlobals) = postSolution
		SolutionGuid = {CE7EEC09-C11D-4199-B674-5D6D6015EDC4}
	EndGlobalSection
EndGlobal
