
Microsoft Visual Studio Solution File, Format Version 12.00
# Visual Studio Version 16
VisualStudioVersion = 16.0.28407.52
MinimumVisualStudioVersion = 10.0.40219.1
Project("{9A19103F-16F7-4668-BE54-9A1E7A4F7556}") = "MineLib.Protocol340", "MineLib.Protocol340\MineLib.Protocol340.csproj", "{E9910A3A-F846-4CA8-B3EC-7FA228B629BA}"
EndProject
Project("{9A19103F-16F7-4668-BE54-9A1E7A4F7556}") = "TinyIpc", "TinyIpc\src\TinyIpc\TinyIpc.csproj", "{956E3779-5BC0-4A65-B129-EF8A56BB1594}"
EndProject
Project("{9A19103F-16F7-4668-BE54-9A1E7A4F7556}") = "MineLib.IPC", "MineLib.IPC\MineLib.IPC.csproj", "{7A66FFF9-638A-4532-8559-3FB4C21A588E}"
EndProject
Project("{9A19103F-16F7-4668-BE54-9A1E7A4F7556}") = "MineLib.AddressTracker", "MineLib.AddressTracker\MineLib.AddressTracker.csproj", "{0F8213B6-F543-4688-9B9D-397F6FC78565}"
EndProject
Project("{2150E333-8FDC-42A3-9474-1A3956D46DE8}") = "Executables", "Executables", "{61966323-4B2E-48A1-A794-B719F0845F8E}"
EndProject
Project("{2150E333-8FDC-42A3-9474-1A3956D46DE8}") = "Third Party", "Third Party", "{3EC3A2F3-1EF4-4072-8C30-620948809175}"
EndProject
Project("{FAE04EC0-301F-11D3-BF4B-00C04F79EFBC}") = "OpenTerrainGenerator", "OpenTerrainGenerator\OpenTerrainGenerator.csproj", "{2FB29C26-CD3B-4767-9404-F2D1C7B465FF}"
EndProject
Project("{2150E333-8FDC-42A3-9474-1A3956D46DE8}") = "Bus", "Bus", "{075AF74D-193F-4C8C-B8FD-104233645CA1}"
EndProject
Project("{2150E333-8FDC-42A3-9474-1A3956D46DE8}") = "Trash", "Trash", "{59AC411A-1EBB-4574-93A4-7C249BC91138}"
EndProject
Project("{2150E333-8FDC-42A3-9474-1A3956D46DE8}") = "Extensions", "Extensions", "{8D5CB239-11F1-4BB6-B66B-E54C0D07992A}"
EndProject
Project("{2150E333-8FDC-42A3-9474-1A3956D46DE8}") = "Extensions", "Extensions", "{BFFE36AA-15D7-40A7-B327-044D71A47E87}"
EndProject
Project("{2150E333-8FDC-42A3-9474-1A3956D46DE8}") = "GreenCubes", "GreenCubes", "{81DD5104-1CF8-4E4B-9CAD-8467A8B19801}"
EndProject
Project("{9A19103F-16F7-4668-BE54-9A1E7A4F7556}") = "Aragas.QServer.Core", "Aragas.QServer.Core\Aragas.QServer.Core.csproj", "{F8878CA8-EA9F-481A-972B-20A397F28DE5}"
EndProject
Project("{2150E333-8FDC-42A3-9474-1A3956D46DE8}") = "MineLib", "MineLib", "{03646DF3-61E2-492A-BEC0-CCCD72EEBD6A}"
EndProject
Project("{2150E333-8FDC-42A3-9474-1A3956D46DE8}") = "PokeD", "PokeD", "{042E6D24-73B9-4AE2-81B5-421FCC3C5F8A}"
EndProject
Project("{2150E333-8FDC-42A3-9474-1A3956D46DE8}") = "Executables", "Executables", "{17C96338-36A9-40F4-B734-A9DAFAD2E5F6}"
EndProject
Project("{2150E333-8FDC-42A3-9474-1A3956D46DE8}") = "Bus", "Bus", "{6511782A-5728-4AAE-BDC9-F65DA163B2D7}"
EndProject
Project("{2150E333-8FDC-42A3-9474-1A3956D46DE8}") = "Libraries", "Libraries", "{73594E60-5392-437F-B98A-7995D343431B}"
EndProject
Project("{2150E333-8FDC-42A3-9474-1A3956D46DE8}") = "Protocol", "Protocol", "{AEA09901-59EF-45A9-88C2-6CD9D5FE4907}"
EndProject
Project("{2150E333-8FDC-42A3-9474-1A3956D46DE8}") = "Libraries", "Libraries", "{1CB70229-C752-439E-A34E-1B5996F4C348}"
EndProject
Project("{9A19103F-16F7-4668-BE54-9A1E7A4F7556}") = "MineLib.Server.ForgeBus", "MineLib\Executables\Bus\MineLib.Server.ForgeBus\MineLib.Server.ForgeBus.csproj", "{C910610A-2914-41EA-A14C-2ED07B61D737}"
EndProject
Project("{9A19103F-16F7-4668-BE54-9A1E7A4F7556}") = "MineLib.Server.EntityBus", "MineLib\Executables\Bus\MineLib.Server.EntityBus\MineLib.Server.EntityBus.csproj", "{D90EDF15-9B93-48E5-8877-7F41663ECF49}"
EndProject
Project("{9A19103F-16F7-4668-BE54-9A1E7A4F7556}") = "MineLib.Server.PlayerBus", "MineLib\Executables\Bus\MineLib.Server.PlayerBus\MineLib.Server.PlayerBus.csproj", "{AC516C0F-6CD5-48E5-8905-E32B29E86C44}"
EndProject
Project("{9A19103F-16F7-4668-BE54-9A1E7A4F7556}") = "MineLib.Server.WorldBus", "MineLib\Executables\Bus\MineLib.Server.WorldBus\MineLib.Server.WorldBus.csproj", "{AB913A85-B64D-4C35-9508-CE81C9A6573D}"
EndProject
Project("{9A19103F-16F7-4668-BE54-9A1E7A4F7556}") = "MineLib.Server.Proxy", "MineLib\Executables\MineLib.Server.Proxy\MineLib.Server.Proxy.csproj", "{D3FDD1D5-F262-4498-B0FE-BD865D2D7C1F}"
EndProject
Project("{9A19103F-16F7-4668-BE54-9A1E7A4F7556}") = "MineLib.Core", "MineLib\Libraries\MineLib.Core\MineLib.Core.csproj", "{E545BA16-8654-4179-A610-38896B1FDEA0}"
EndProject
Project("{9A19103F-16F7-4668-BE54-9A1E7A4F7556}") = "MineLib.Server.Core", "MineLib\Libraries\MineLib.Server.Core\MineLib.Server.Core.csproj", "{ED496BFB-D034-4DED-9F7B-075BCBE3B6C1}"
EndProject
Project("{9A19103F-16F7-4668-BE54-9A1E7A4F7556}") = "MineLib.Protocol", "MineLib\Libraries\Protocol\MineLib.Protocol\MineLib.Protocol.csproj", "{67C37CFF-F741-4FB5-A613-EEE4DF201B3D}"
EndProject
Project("{9A19103F-16F7-4668-BE54-9A1E7A4F7556}") = "MineLib.Protocol5", "MineLib\Libraries\Protocol\MineLib.Protocol5\MineLib.Protocol5.csproj", "{B58D2740-E059-4323-8557-AEED00125CAD}"
EndProject
Project("{9A19103F-16F7-4668-BE54-9A1E7A4F7556}") = "MineLib.Protocol.Forge", "MineLib\Libraries\Protocol\MineLib.Protocol.Forge\MineLib.Protocol.Forge.csproj", "{AFF0DBE4-B9CC-4B87-9FF7-C1AD787F59A7}"
EndProject
Project("{9A19103F-16F7-4668-BE54-9A1E7A4F7556}") = "MineLib.GreenCubes.Converter", "Greencubes\MineLib.GreenCubes.Converter\MineLib.GreenCubes.Converter.csproj", "{8B9CE7BE-8A7A-4116-A9E3-0DFC1DBCC542}"
EndProject
Project("{9A19103F-16F7-4668-BE54-9A1E7A4F7556}") = "PokeD.Server.Core", "PokeD\Libraries\PokeD.Server.Core\PokeD.Server.Core.csproj", "{6CF62506-7CF0-44AE-905F-F99DCACD2E20}"
EndProject
Project("{9A19103F-16F7-4668-BE54-9A1E7A4F7556}") = "PokeD.Server.Proxy", "PokeD\Executables\PokeD.Server.Proxy\PokeD.Server.Proxy.csproj", "{3BA8F206-1711-4C77-8818-99859C2818D9}"
EndProject
Project("{E53339B2-1760-4266-BCC7-CA923CBCF16C}") = "MineLib.Server", "MineLib\MineLib.Server.dcproj", "{2CE8B254-1FE3-4691-8941-0A49644EB98A}"
EndProject
Project("{9A19103F-16F7-4668-BE54-9A1E7A4F7556}") = "Aragas.TupleEventSystem", "Third Party\Aragas.TupleEventSystem\src\Aragas.TupleEventSystem\Aragas.TupleEventSystem.csproj", "{2C7DEE35-6FD9-4FAC-8BE2-B12D44CF60BE}"
EndProject
Project("{9A19103F-16F7-4668-BE54-9A1E7A4F7556}") = "Aragas.Network-2", "Third Party\Aragas.Network-2\src\Aragas.Network-2.Standard\Aragas.Network-2.csproj", "{2A920B74-8959-4903-808F-7FD1557D7D36}"
EndProject
Project("{9A19103F-16F7-4668-BE54-9A1E7A4F7556}") = "Aragas.QServer.MBus", "Aragas.QServer.MBus\Aragas.QServer.MBus.csproj", "{1B6E3945-1FD2-4129-AC8A-12A24A1232FD}"
EndProject
Project("{9A19103F-16F7-4668-BE54-9A1E7A4F7556}") = "NiclasOlofsson-fNbt", "Third Party\NiclasOlofsson-fNbt\fNbt\NiclasOlofsson-fNbt.csproj", "{3A99EABB-EB53-4F83-9AD7-C2AB0E5F974C}"
EndProject
Project("{9A19103F-16F7-4668-BE54-9A1E7A4F7556}") = "flori-schwa-fNbt", "Third Party\flori-schwa-fNbt\fNbt\flori-schwa-fNbt.csproj", "{D5D9733C-1D77-4FC2-8830-C5019D894E4A}"
EndProject
Global
	GlobalSection(SolutionConfigurationPlatforms) = preSolution
		Debug|Any CPU = Debug|Any CPU
		Release|Any CPU = Release|Any CPU
	EndGlobalSection
	GlobalSection(ProjectConfigurationPlatforms) = postSolution
		{E9910A3A-F846-4CA8-B3EC-7FA228B629BA}.Debug|Any CPU.ActiveCfg = Debug|Any CPU
		{E9910A3A-F846-4CA8-B3EC-7FA228B629BA}.Debug|Any CPU.Build.0 = Debug|Any CPU
		{E9910A3A-F846-4CA8-B3EC-7FA228B629BA}.Release|Any CPU.ActiveCfg = Release|Any CPU
		{E9910A3A-F846-4CA8-B3EC-7FA228B629BA}.Release|Any CPU.Build.0 = Release|Any CPU
		{956E3779-5BC0-4A65-B129-EF8A56BB1594}.Debug|Any CPU.ActiveCfg = Debug|Any CPU
		{956E3779-5BC0-4A65-B129-EF8A56BB1594}.Debug|Any CPU.Build.0 = Debug|Any CPU
		{956E3779-5BC0-4A65-B129-EF8A56BB1594}.Release|Any CPU.ActiveCfg = Release|Any CPU
		{956E3779-5BC0-4A65-B129-EF8A56BB1594}.Release|Any CPU.Build.0 = Release|Any CPU
		{7A66FFF9-638A-4532-8559-3FB4C21A588E}.Debug|Any CPU.ActiveCfg = Debug|Any CPU
		{7A66FFF9-638A-4532-8559-3FB4C21A588E}.Debug|Any CPU.Build.0 = Debug|Any CPU
		{7A66FFF9-638A-4532-8559-3FB4C21A588E}.Release|Any CPU.ActiveCfg = Release|Any CPU
		{7A66FFF9-638A-4532-8559-3FB4C21A588E}.Release|Any CPU.Build.0 = Release|Any CPU
		{0F8213B6-F543-4688-9B9D-397F6FC78565}.Debug|Any CPU.ActiveCfg = Debug|Any CPU
		{0F8213B6-F543-4688-9B9D-397F6FC78565}.Debug|Any CPU.Build.0 = Debug|Any CPU
		{0F8213B6-F543-4688-9B9D-397F6FC78565}.Release|Any CPU.ActiveCfg = Release|Any CPU
		{0F8213B6-F543-4688-9B9D-397F6FC78565}.Release|Any CPU.Build.0 = Release|Any CPU
		{2FB29C26-CD3B-4767-9404-F2D1C7B465FF}.Debug|Any CPU.ActiveCfg = Debug|Any CPU
		{2FB29C26-CD3B-4767-9404-F2D1C7B465FF}.Debug|Any CPU.Build.0 = Debug|Any CPU
		{2FB29C26-CD3B-4767-9404-F2D1C7B465FF}.Release|Any CPU.ActiveCfg = Release|Any CPU
		{2FB29C26-CD3B-4767-9404-F2D1C7B465FF}.Release|Any CPU.Build.0 = Release|Any CPU
		{F8878CA8-EA9F-481A-972B-20A397F28DE5}.Debug|Any CPU.ActiveCfg = Debug|Any CPU
		{F8878CA8-EA9F-481A-972B-20A397F28DE5}.Debug|Any CPU.Build.0 = Debug|Any CPU
		{F8878CA8-EA9F-481A-972B-20A397F28DE5}.Release|Any CPU.ActiveCfg = Release|Any CPU
		{F8878CA8-EA9F-481A-972B-20A397F28DE5}.Release|Any CPU.Build.0 = Release|Any CPU
		{C910610A-2914-41EA-A14C-2ED07B61D737}.Debug|Any CPU.ActiveCfg = Debug|Any CPU
		{C910610A-2914-41EA-A14C-2ED07B61D737}.Debug|Any CPU.Build.0 = Debug|Any CPU
		{C910610A-2914-41EA-A14C-2ED07B61D737}.Release|Any CPU.ActiveCfg = Release|Any CPU
		{C910610A-2914-41EA-A14C-2ED07B61D737}.Release|Any CPU.Build.0 = Release|Any CPU
		{D90EDF15-9B93-48E5-8877-7F41663ECF49}.Debug|Any CPU.ActiveCfg = Debug|Any CPU
		{D90EDF15-9B93-48E5-8877-7F41663ECF49}.Debug|Any CPU.Build.0 = Debug|Any CPU
		{D90EDF15-9B93-48E5-8877-7F41663ECF49}.Release|Any CPU.ActiveCfg = Release|Any CPU
		{D90EDF15-9B93-48E5-8877-7F41663ECF49}.Release|Any CPU.Build.0 = Release|Any CPU
		{AC516C0F-6CD5-48E5-8905-E32B29E86C44}.Debug|Any CPU.ActiveCfg = Debug|Any CPU
		{AC516C0F-6CD5-48E5-8905-E32B29E86C44}.Debug|Any CPU.Build.0 = Debug|Any CPU
		{AC516C0F-6CD5-48E5-8905-E32B29E86C44}.Release|Any CPU.ActiveCfg = Release|Any CPU
		{AC516C0F-6CD5-48E5-8905-E32B29E86C44}.Release|Any CPU.Build.0 = Release|Any CPU
		{AB913A85-B64D-4C35-9508-CE81C9A6573D}.Debug|Any CPU.ActiveCfg = Debug|Any CPU
		{AB913A85-B64D-4C35-9508-CE81C9A6573D}.Debug|Any CPU.Build.0 = Debug|Any CPU
		{AB913A85-B64D-4C35-9508-CE81C9A6573D}.Release|Any CPU.ActiveCfg = Release|Any CPU
		{AB913A85-B64D-4C35-9508-CE81C9A6573D}.Release|Any CPU.Build.0 = Release|Any CPU
		{D3FDD1D5-F262-4498-B0FE-BD865D2D7C1F}.Debug|Any CPU.ActiveCfg = Debug|Any CPU
		{D3FDD1D5-F262-4498-B0FE-BD865D2D7C1F}.Debug|Any CPU.Build.0 = Debug|Any CPU
		{D3FDD1D5-F262-4498-B0FE-BD865D2D7C1F}.Release|Any CPU.ActiveCfg = Release|Any CPU
		{D3FDD1D5-F262-4498-B0FE-BD865D2D7C1F}.Release|Any CPU.Build.0 = Release|Any CPU
		{E545BA16-8654-4179-A610-38896B1FDEA0}.Debug|Any CPU.ActiveCfg = Debug|Any CPU
		{E545BA16-8654-4179-A610-38896B1FDEA0}.Debug|Any CPU.Build.0 = Debug|Any CPU
		{E545BA16-8654-4179-A610-38896B1FDEA0}.Release|Any CPU.ActiveCfg = Release|Any CPU
		{E545BA16-8654-4179-A610-38896B1FDEA0}.Release|Any CPU.Build.0 = Release|Any CPU
		{ED496BFB-D034-4DED-9F7B-075BCBE3B6C1}.Debug|Any CPU.ActiveCfg = Debug|Any CPU
		{ED496BFB-D034-4DED-9F7B-075BCBE3B6C1}.Debug|Any CPU.Build.0 = Debug|Any CPU
		{ED496BFB-D034-4DED-9F7B-075BCBE3B6C1}.Release|Any CPU.ActiveCfg = Release|Any CPU
		{ED496BFB-D034-4DED-9F7B-075BCBE3B6C1}.Release|Any CPU.Build.0 = Release|Any CPU
		{67C37CFF-F741-4FB5-A613-EEE4DF201B3D}.Debug|Any CPU.ActiveCfg = Debug|Any CPU
		{67C37CFF-F741-4FB5-A613-EEE4DF201B3D}.Debug|Any CPU.Build.0 = Debug|Any CPU
		{67C37CFF-F741-4FB5-A613-EEE4DF201B3D}.Release|Any CPU.ActiveCfg = Release|Any CPU
		{67C37CFF-F741-4FB5-A613-EEE4DF201B3D}.Release|Any CPU.Build.0 = Release|Any CPU
		{B58D2740-E059-4323-8557-AEED00125CAD}.Debug|Any CPU.ActiveCfg = Debug|Any CPU
		{B58D2740-E059-4323-8557-AEED00125CAD}.Debug|Any CPU.Build.0 = Debug|Any CPU
		{B58D2740-E059-4323-8557-AEED00125CAD}.Release|Any CPU.ActiveCfg = Release|Any CPU
		{B58D2740-E059-4323-8557-AEED00125CAD}.Release|Any CPU.Build.0 = Release|Any CPU
		{AFF0DBE4-B9CC-4B87-9FF7-C1AD787F59A7}.Debug|Any CPU.ActiveCfg = Debug|Any CPU
		{AFF0DBE4-B9CC-4B87-9FF7-C1AD787F59A7}.Debug|Any CPU.Build.0 = Debug|Any CPU
		{AFF0DBE4-B9CC-4B87-9FF7-C1AD787F59A7}.Release|Any CPU.ActiveCfg = Release|Any CPU
		{AFF0DBE4-B9CC-4B87-9FF7-C1AD787F59A7}.Release|Any CPU.Build.0 = Release|Any CPU
		{8B9CE7BE-8A7A-4116-A9E3-0DFC1DBCC542}.Debug|Any CPU.ActiveCfg = Debug|Any CPU
		{8B9CE7BE-8A7A-4116-A9E3-0DFC1DBCC542}.Debug|Any CPU.Build.0 = Debug|Any CPU
		{8B9CE7BE-8A7A-4116-A9E3-0DFC1DBCC542}.Release|Any CPU.ActiveCfg = Release|Any CPU
		{8B9CE7BE-8A7A-4116-A9E3-0DFC1DBCC542}.Release|Any CPU.Build.0 = Release|Any CPU
		{6CF62506-7CF0-44AE-905F-F99DCACD2E20}.Debug|Any CPU.ActiveCfg = Debug|Any CPU
		{6CF62506-7CF0-44AE-905F-F99DCACD2E20}.Debug|Any CPU.Build.0 = Debug|Any CPU
		{6CF62506-7CF0-44AE-905F-F99DCACD2E20}.Release|Any CPU.ActiveCfg = Release|Any CPU
		{6CF62506-7CF0-44AE-905F-F99DCACD2E20}.Release|Any CPU.Build.0 = Release|Any CPU
		{3BA8F206-1711-4C77-8818-99859C2818D9}.Debug|Any CPU.ActiveCfg = Debug|Any CPU
		{3BA8F206-1711-4C77-8818-99859C2818D9}.Debug|Any CPU.Build.0 = Debug|Any CPU
		{3BA8F206-1711-4C77-8818-99859C2818D9}.Release|Any CPU.ActiveCfg = Release|Any CPU
		{3BA8F206-1711-4C77-8818-99859C2818D9}.Release|Any CPU.Build.0 = Release|Any CPU
		{2CE8B254-1FE3-4691-8941-0A49644EB98A}.Debug|Any CPU.ActiveCfg = Debug|Any CPU
		{2CE8B254-1FE3-4691-8941-0A49644EB98A}.Debug|Any CPU.Build.0 = Debug|Any CPU
		{2CE8B254-1FE3-4691-8941-0A49644EB98A}.Release|Any CPU.ActiveCfg = Release|Any CPU
		{2CE8B254-1FE3-4691-8941-0A49644EB98A}.Release|Any CPU.Build.0 = Release|Any CPU
		{2C7DEE35-6FD9-4FAC-8BE2-B12D44CF60BE}.Debug|Any CPU.ActiveCfg = Debug|Any CPU
		{2C7DEE35-6FD9-4FAC-8BE2-B12D44CF60BE}.Debug|Any CPU.Build.0 = Debug|Any CPU
		{2C7DEE35-6FD9-4FAC-8BE2-B12D44CF60BE}.Release|Any CPU.ActiveCfg = Release|Any CPU
		{2C7DEE35-6FD9-4FAC-8BE2-B12D44CF60BE}.Release|Any CPU.Build.0 = Release|Any CPU
		{2A920B74-8959-4903-808F-7FD1557D7D36}.Debug|Any CPU.ActiveCfg = Debug|Any CPU
		{2A920B74-8959-4903-808F-7FD1557D7D36}.Debug|Any CPU.Build.0 = Debug|Any CPU
		{2A920B74-8959-4903-808F-7FD1557D7D36}.Release|Any CPU.ActiveCfg = Release|Any CPU
		{2A920B74-8959-4903-808F-7FD1557D7D36}.Release|Any CPU.Build.0 = Release|Any CPU
		{1B6E3945-1FD2-4129-AC8A-12A24A1232FD}.Debug|Any CPU.ActiveCfg = Debug|Any CPU
		{1B6E3945-1FD2-4129-AC8A-12A24A1232FD}.Debug|Any CPU.Build.0 = Debug|Any CPU
		{1B6E3945-1FD2-4129-AC8A-12A24A1232FD}.Release|Any CPU.ActiveCfg = Release|Any CPU
		{1B6E3945-1FD2-4129-AC8A-12A24A1232FD}.Release|Any CPU.Build.0 = Release|Any CPU
		{3A99EABB-EB53-4F83-9AD7-C2AB0E5F974C}.Debug|Any CPU.ActiveCfg = Debug|Any CPU
		{3A99EABB-EB53-4F83-9AD7-C2AB0E5F974C}.Debug|Any CPU.Build.0 = Debug|Any CPU
		{3A99EABB-EB53-4F83-9AD7-C2AB0E5F974C}.Release|Any CPU.ActiveCfg = Release|Any CPU
		{3A99EABB-EB53-4F83-9AD7-C2AB0E5F974C}.Release|Any CPU.Build.0 = Release|Any CPU
		{D5D9733C-1D77-4FC2-8830-C5019D894E4A}.Debug|Any CPU.ActiveCfg = Debug|Any CPU
		{D5D9733C-1D77-4FC2-8830-C5019D894E4A}.Debug|Any CPU.Build.0 = Debug|Any CPU
		{D5D9733C-1D77-4FC2-8830-C5019D894E4A}.Release|Any CPU.ActiveCfg = Release|Any CPU
		{D5D9733C-1D77-4FC2-8830-C5019D894E4A}.Release|Any CPU.Build.0 = Release|Any CPU
	EndGlobalSection
	GlobalSection(SolutionProperties) = preSolution
		HideSolutionNode = FALSE
	EndGlobalSection
	GlobalSection(NestedProjects) = preSolution
		{E9910A3A-F846-4CA8-B3EC-7FA228B629BA} = {59AC411A-1EBB-4574-93A4-7C249BC91138}
		{956E3779-5BC0-4A65-B129-EF8A56BB1594} = {59AC411A-1EBB-4574-93A4-7C249BC91138}
		{7A66FFF9-638A-4532-8559-3FB4C21A588E} = {59AC411A-1EBB-4574-93A4-7C249BC91138}
		{0F8213B6-F543-4688-9B9D-397F6FC78565} = {59AC411A-1EBB-4574-93A4-7C249BC91138}
		{61966323-4B2E-48A1-A794-B719F0845F8E} = {03646DF3-61E2-492A-BEC0-CCCD72EEBD6A}
		{2FB29C26-CD3B-4767-9404-F2D1C7B465FF} = {59AC411A-1EBB-4574-93A4-7C249BC91138}
		{075AF74D-193F-4C8C-B8FD-104233645CA1} = {61966323-4B2E-48A1-A794-B719F0845F8E}
		{8D5CB239-11F1-4BB6-B66B-E54C0D07992A} = {075AF74D-193F-4C8C-B8FD-104233645CA1}
		{BFFE36AA-15D7-40A7-B327-044D71A47E87} = {AEA09901-59EF-45A9-88C2-6CD9D5FE4907}
		{17C96338-36A9-40F4-B734-A9DAFAD2E5F6} = {042E6D24-73B9-4AE2-81B5-421FCC3C5F8A}
		{6511782A-5728-4AAE-BDC9-F65DA163B2D7} = {17C96338-36A9-40F4-B734-A9DAFAD2E5F6}
		{73594E60-5392-437F-B98A-7995D343431B} = {03646DF3-61E2-492A-BEC0-CCCD72EEBD6A}
		{AEA09901-59EF-45A9-88C2-6CD9D5FE4907} = {73594E60-5392-437F-B98A-7995D343431B}
		{1CB70229-C752-439E-A34E-1B5996F4C348} = {042E6D24-73B9-4AE2-81B5-421FCC3C5F8A}
		{C910610A-2914-41EA-A14C-2ED07B61D737} = {8D5CB239-11F1-4BB6-B66B-E54C0D07992A}
		{D90EDF15-9B93-48E5-8877-7F41663ECF49} = {075AF74D-193F-4C8C-B8FD-104233645CA1}
		{AC516C0F-6CD5-48E5-8905-E32B29E86C44} = {075AF74D-193F-4C8C-B8FD-104233645CA1}
		{AB913A85-B64D-4C35-9508-CE81C9A6573D} = {075AF74D-193F-4C8C-B8FD-104233645CA1}
		{D3FDD1D5-F262-4498-B0FE-BD865D2D7C1F} = {61966323-4B2E-48A1-A794-B719F0845F8E}
		{E545BA16-8654-4179-A610-38896B1FDEA0} = {73594E60-5392-437F-B98A-7995D343431B}
		{ED496BFB-D034-4DED-9F7B-075BCBE3B6C1} = {73594E60-5392-437F-B98A-7995D343431B}
		{67C37CFF-F741-4FB5-A613-EEE4DF201B3D} = {AEA09901-59EF-45A9-88C2-6CD9D5FE4907}
		{B58D2740-E059-4323-8557-AEED00125CAD} = {AEA09901-59EF-45A9-88C2-6CD9D5FE4907}
		{AFF0DBE4-B9CC-4B87-9FF7-C1AD787F59A7} = {BFFE36AA-15D7-40A7-B327-044D71A47E87}
		{8B9CE7BE-8A7A-4116-A9E3-0DFC1DBCC542} = {81DD5104-1CF8-4E4B-9CAD-8467A8B19801}
		{6CF62506-7CF0-44AE-905F-F99DCACD2E20} = {1CB70229-C752-439E-A34E-1B5996F4C348}
		{3BA8F206-1711-4C77-8818-99859C2818D9} = {17C96338-36A9-40F4-B734-A9DAFAD2E5F6}
		{2CE8B254-1FE3-4691-8941-0A49644EB98A} = {03646DF3-61E2-492A-BEC0-CCCD72EEBD6A}
		{2C7DEE35-6FD9-4FAC-8BE2-B12D44CF60BE} = {3EC3A2F3-1EF4-4072-8C30-620948809175}
		{2A920B74-8959-4903-808F-7FD1557D7D36} = {3EC3A2F3-1EF4-4072-8C30-620948809175}
		{3A99EABB-EB53-4F83-9AD7-C2AB0E5F974C} = {3EC3A2F3-1EF4-4072-8C30-620948809175}
		{D5D9733C-1D77-4FC2-8830-C5019D894E4A} = {3EC3A2F3-1EF4-4072-8C30-620948809175}
	EndGlobalSection
	GlobalSection(ExtensibilityGlobals) = postSolution
		SolutionGuid = {CE7EEC09-C11D-4199-B674-5D6D6015EDC4}
	EndGlobalSection
EndGlobal
